PODS:
  - Alamofire (5.10.2)
  - MapLibre (6.13.0)
  - NAOSDK (4.12.0)
  - NAOSwiftProvider (1.3.0):
    - NAOSDK
  - RxCocoa (6.9.0):
    - RxRelay (= 6.9.0)
    - RxSwift (= 6.9.0)
  - RxRelay (6.9.0):
    - RxSwift (= 6.9.0)
  - RxSwift (6.9.0)
  - Turf (4.0.0)
  - WemapCoreSDK (0.22.4):
    - Alamofire (~> 5.10.0)
    - RxCocoa (~> 6.9.0)
    - RxRelay (~> 6.9.0)
    - RxSwift (~> 6.9.0)
    - Turf (~> 4.0.0)
  - WemapMapSDK (0.22.4):
    - MapLibre (~> 6.13.0)
    - WemapCoreSDK (~> 0.22.4)
    - Zip (~> 2.1)
  - WemapPositioningSDK/Core (0.22.4):
    - RxSwift (~> 6.9.0)
    - WemapCoreSDK (~> 0.22.4)
  - WemapPositioningSDK/VPSARKit (0.22.4):
    - WemapPositioningSDK/Core
  - WemapPositioningSDKPolestar (0.22.4):
    - NAOSwiftProvider (~> 1.3.0)
    - WemapCoreSDK (~> 0.22.4)
  - Zip (2.1.2)

DEPENDENCIES:
  - WemapMapSDK (~> 0.22.4)
  - WemapPositioningSDK/VPSARKit (~> 0.22.4)
  - WemapPositioningSDKPolestar (~> 0.22.4)

SPEC REPOS:
  https://github.com/wemap/cocoapods-specs.git:
    - NAOSwiftProvider
    - WemapCoreSDK
    - WemapMapSDK
    - WemapPositioningSDK
    - WemapPositioningSDKPolestar
  trunk:
    - Alamofire
    - MapLibre
    - NAOSDK
    - RxCocoa
    - RxRelay
    - RxSwift
    - Turf
    - Zip

SPEC CHECKSUMS:
  Alamofire: 7193b3b92c74a07f85569e1a6c4f4237291e7496
  MapLibre: 530d4b60fa6a07b973f538b31559b36cdbc20539
  NAOSDK: 3cee1c6a5d41a8b24dcab4663aef72ac2a7c80d9
  NAOSwiftProvider: e685abcce0d2023daa3c58a017ff8b6787832753
  RxCocoa: ac16414696ae706516be3e1ab00fcce5bdc9be8a
  RxRelay: 6b0c930e5cef57d5fe2032571e5e65b78e3cbdb1
  RxSwift: 31649ace6aceeb422e16ff71c60804f9c3281ed9
  Turf: c9eb11a65d96af58cac523460fd40fec5061b081
  WemapCoreSDK: 0aa446096350f0db531b95eda321403d2bf96b21
  WemapMapSDK: d94d4ad993bbda04c08534fa613f877c066b8918
  WemapPositioningSDK: 58f9a1c4966adcc8223f0c1e83b5852eeda9da46
  WemapPositioningSDKPolestar: daac61427139d05c15193d2295551e0e32b418fa
  Zip: b3fef584b147b6e582b2256a9815c897d60ddc67

PODFILE CHECKSUM: 38ca7673db82c9c6812c1ef8bbc52ba28f9540dd

COCOAPODS: 1.16.2
