// !$*UTF8*$!
{
	archiveVersion = 1;
	classes = {
	};
	objectVersion = 56;
	objects = {

/* Begin PBXBuildFile section */
		41C17AAA0EC7A03E52B58DB0 /* Pods_MapExamples.framework in Frameworks */ = {isa = PBXBuildFile; fileRef = 3D19C44384A8C95BB304500A /* Pods_MapExamples.framework */; };
		D208E10729C312C0007CCC8A /* Constants.swift in Sources */ = {isa = PBXBuildFile; fileRef = D208E10629C312C0007CCC8A /* Constants.swift */; };
		D209119829BB686F007D79BE /* CustomLocationManager.swift in Sources */ = {isa = PBXBuildFile; fileRef = D209119729BB686F007D79BE /* CustomLocationManager.swift */; };
		D20AB5C729CC9F9F00168FCE /* consumer_data.json in Resources */ = {isa = PBXBuildFile; fileRef = D20AB5C629CC9F9F00168FCE /* consumer_data.json */; };
		D250CA2B28D31E4D00DBFF5D /* Assets.xcassets in Resources */ = {isa = PBXBuildFile; fileRef = D250CA2528D31E4D00DBFF5D /* Assets.xcassets */; };
		D250CA2C28D31E4D00DBFF5D /* LaunchScreen.storyboard in Resources */ = {isa = PBXBuildFile; fileRef = D250CA2628D31E4D00DBFF5D /* LaunchScreen.storyboard */; };
		D25B9A8E29CB1119000F084A /* LevelsViewController.swift in Sources */ = {isa = PBXBuildFile; fileRef = D25B9A8D29CB1119000F084A /* LevelsViewController.swift */; };
		D25B9A9029CB1125000F084A /* POIsViewController.swift in Sources */ = {isa = PBXBuildFile; fileRef = D25B9A8F29CB1125000F084A /* POIsViewController.swift */; };
		D25B9A9229CB1134000F084A /* NavigationViewController.swift in Sources */ = {isa = PBXBuildFile; fileRef = D25B9A9129CB1134000F084A /* NavigationViewController.swift */; };
		D25B9A9329CB23C1000F084A /* nao.kml in Resources */ = {isa = PBXBuildFile; fileRef = D2A7120829BB98A5001596C7 /* nao.kml */; };
		D25B9A9529CB4405000F084A /* ConsumerData.swift in Sources */ = {isa = PBXBuildFile; fileRef = D25B9A9429CB4405000F084A /* ConsumerData.swift */; };
		D25B9A9929CC5A67000F084A /* SamplesTableViewController.swift in Sources */ = {isa = PBXBuildFile; fileRef = D25B9A9829CC5A67000F084A /* SamplesTableViewController.swift */; };
		D29592772A05638100C3340A /* InitialViewController.swift in Sources */ = {isa = PBXBuildFile; fileRef = D29592762A05638100C3340A /* InitialViewController.swift */; };
		D2A6254A28F6AB2000274721 /* Assets.xcassets in Resources */ = {isa = PBXBuildFile; fileRef = D2A6254728F6AB2000274721 /* Assets.xcassets */; };
		D2A6254B28F6AB2000274721 /* Main.storyboard in Resources */ = {isa = PBXBuildFile; fileRef = D2A6254828F6AB2000274721 /* Main.storyboard */; };
		D2A6254E28F6AEB900274721 /* AppDelegate.swift in Sources */ = {isa = PBXBuildFile; fileRef = D2A6254D28F6AEB900274721 /* AppDelegate.swift */; };
		D2A6255428F6C08400274721 /* ToastHelper.swift in Sources */ = {isa = PBXBuildFile; fileRef = D2A6255328F6C08400274721 /* ToastHelper.swift */; };
		D2A7120E29BF72D4001596C7 /* ManualLocationManager.swift in Sources */ = {isa = PBXBuildFile; fileRef = D2A7120D29BF72D4001596C7 /* ManualLocationManager.swift */; };
		D2B1DFCD29BB8C5A00F17769 /* PolestarLocationManager.swift in Sources */ = {isa = PBXBuildFile; fileRef = D2B1DFCC29BB8C5A00F17769 /* PolestarLocationManager.swift */; };
/* End PBXBuildFile section */

/* Begin PBXFileReference section */
		1EC7D609D684FC24A57CFD40 /* Pods-MapExamples.debug.xcconfig */ = {isa = PBXFileReference; includeInIndex = 1; lastKnownFileType = text.xcconfig; name = "Pods-MapExamples.debug.xcconfig"; path = "Target Support Files/Pods-MapExamples/Pods-MapExamples.debug.xcconfig"; sourceTree = "<group>"; };
		3D19C44384A8C95BB304500A /* Pods_MapExamples.framework */ = {isa = PBXFileReference; explicitFileType = wrapper.framework; includeInIndex = 0; path = Pods_MapExamples.framework; sourceTree = BUILT_PRODUCTS_DIR; };
		5A102B57F41605E92501ED77 /* Pods-MapExamples.release.xcconfig */ = {isa = PBXFileReference; includeInIndex = 1; lastKnownFileType = text.xcconfig; name = "Pods-MapExamples.release.xcconfig"; path = "Target Support Files/Pods-MapExamples/Pods-MapExamples.release.xcconfig"; sourceTree = "<group>"; };
		D208E10629C312C0007CCC8A /* Constants.swift */ = {isa = PBXFileReference; lastKnownFileType = sourcecode.swift; path = Constants.swift; sourceTree = "<group>"; };
		D209119729BB686F007D79BE /* CustomLocationManager.swift */ = {isa = PBXFileReference; fileEncoding = 4; lastKnownFileType = sourcecode.swift; path = CustomLocationManager.swift; sourceTree = "<group>"; };
		D20AB5C629CC9F9F00168FCE /* consumer_data.json */ = {isa = PBXFileReference; lastKnownFileType = text.json; path = consumer_data.json; sourceTree = "<group>"; };
		D250C9D728D3176F00DBFF5D /* MapExamples.app */ = {isa = PBXFileReference; explicitFileType = wrapper.application; includeInIndex = 0; path = MapExamples.app; sourceTree = BUILT_PRODUCTS_DIR; };
		D250CA2528D31E4D00DBFF5D /* Assets.xcassets */ = {isa = PBXFileReference; lastKnownFileType = folder.assetcatalog; path = Assets.xcassets; sourceTree = "<group>"; };
		D250CA2728D31E4D00DBFF5D /* Base */ = {isa = PBXFileReference; lastKnownFileType = file.storyboard; name = Base; path = Base.lproj/LaunchScreen.storyboard; sourceTree = "<group>"; };
		D250CA2A28D31E4D00DBFF5D /* Info.plist */ = {isa = PBXFileReference; fileEncoding = 4; lastKnownFileType = text.plist.xml; path = Info.plist; sourceTree = "<group>"; };
		D25B9A8D29CB1119000F084A /* LevelsViewController.swift */ = {isa = PBXFileReference; lastKnownFileType = sourcecode.swift; path = LevelsViewController.swift; sourceTree = "<group>"; };
		D25B9A8F29CB1125000F084A /* POIsViewController.swift */ = {isa = PBXFileReference; lastKnownFileType = sourcecode.swift; path = POIsViewController.swift; sourceTree = "<group>"; };
		D25B9A9129CB1134000F084A /* NavigationViewController.swift */ = {isa = PBXFileReference; lastKnownFileType = sourcecode.swift; path = NavigationViewController.swift; sourceTree = "<group>"; };
		D25B9A9429CB4405000F084A /* ConsumerData.swift */ = {isa = PBXFileReference; lastKnownFileType = sourcecode.swift; path = ConsumerData.swift; sourceTree = "<group>"; };
		D25B9A9829CC5A67000F084A /* SamplesTableViewController.swift */ = {isa = PBXFileReference; lastKnownFileType = sourcecode.swift; path = SamplesTableViewController.swift; sourceTree = "<group>"; };
		D29592762A05638100C3340A /* InitialViewController.swift */ = {isa = PBXFileReference; fileEncoding = 4; lastKnownFileType = sourcecode.swift; path = InitialViewController.swift; sourceTree = "<group>"; };
		D2A6254728F6AB2000274721 /* Assets.xcassets */ = {isa = PBXFileReference; lastKnownFileType = folder.assetcatalog; path = Assets.xcassets; sourceTree = "<group>"; };
		D2A6254928F6AB2000274721 /* Base */ = {isa = PBXFileReference; lastKnownFileType = file.storyboard; name = Base; path = Base.lproj/Main.storyboard; sourceTree = "<group>"; };
		D2A6254D28F6AEB900274721 /* AppDelegate.swift */ = {isa = PBXFileReference; fileEncoding = 4; lastKnownFileType = sourcecode.swift; path = AppDelegate.swift; sourceTree = "<group>"; };
		D2A6255328F6C08400274721 /* ToastHelper.swift */ = {isa = PBXFileReference; lastKnownFileType = sourcecode.swift; path = ToastHelper.swift; sourceTree = "<group>"; };
		D2A7120829BB98A5001596C7 /* nao.kml */ = {isa = PBXFileReference; fileEncoding = 4; lastKnownFileType = text.xml; path = nao.kml; sourceTree = "<group>"; };
		D2A7120D29BF72D4001596C7 /* ManualLocationManager.swift */ = {isa = PBXFileReference; lastKnownFileType = sourcecode.swift; path = ManualLocationManager.swift; sourceTree = "<group>"; };
		D2B1DFCC29BB8C5A00F17769 /* PolestarLocationManager.swift */ = {isa = PBXFileReference; lastKnownFileType = sourcecode.swift; path = PolestarLocationManager.swift; sourceTree = "<group>"; };
/* End PBXFileReference section */

/* Begin PBXFrameworksBuildPhase section */
		D250C9D428D3176F00DBFF5D /* Frameworks */ = {
			isa = PBXFrameworksBuildPhase;
			buildActionMask = 2147483647;
			files = (
				41C17AAA0EC7A03E52B58DB0 /* Pods_MapExamples.framework in Frameworks */,
			);
			runOnlyForDeploymentPostprocessing = 0;
		};
/* End PBXFrameworksBuildPhase section */

/* Begin PBXGroup section */
		0566744F7D1AB6A05E340294 /* Pods */ = {
			isa = PBXGroup;
			children = (
				1EC7D609D684FC24A57CFD40 /* Pods-MapExamples.debug.xcconfig */,
				5A102B57F41605E92501ED77 /* Pods-MapExamples.release.xcconfig */,
			);
			path = Pods;
			sourceTree = "<group>";
		};
		D250C9CE28D3176F00DBFF5D = {
			isa = PBXGroup;
			children = (
				D250C9D928D3176F00DBFF5D /* Examples */,
				D250CA8F28D35BDB00DBFF5D /* Frameworks */,
				D250C9D828D3176F00DBFF5D /* Products */,
				0566744F7D1AB6A05E340294 /* Pods */,
			);
			sourceTree = "<group>";
		};
		D250C9D828D3176F00DBFF5D /* Products */ = {
			isa = PBXGroup;
			children = (
				D250C9D728D3176F00DBFF5D /* MapExamples.app */,
			);
			name = Products;
			sourceTree = "<group>";
		};
		D250C9D928D3176F00DBFF5D /* Examples */ = {
			isa = PBXGroup;
			children = (
				D250CA0B28D31E4500DBFF5D /* Map */,
				D250CA2428D31E4D00DBFF5D /* Resources */,
				D2A6254C28F6AEB900274721 /* Sources */,
			);
			path = Examples;
			sourceTree = "<group>";
		};
		D250CA0B28D31E4500DBFF5D /* Map */ = {
			isa = PBXGroup;
			children = (
				D2A6254628F6AB2000274721 /* Resources */,
				D2A55FDD297FE2F100402286 /* Sources */,
			);
			path = Map;
			sourceTree = "<group>";
		};
		D250CA2428D31E4D00DBFF5D /* Resources */ = {
			isa = PBXGroup;
			children = (
				D250CA2528D31E4D00DBFF5D /* Assets.xcassets */,
				D250CA2628D31E4D00DBFF5D /* LaunchScreen.storyboard */,
				D250CA2A28D31E4D00DBFF5D /* Info.plist */,
				D20AB5C629CC9F9F00168FCE /* consumer_data.json */,
			);
			path = Resources;
			sourceTree = "<group>";
		};
		D250CA8F28D35BDB00DBFF5D /* Frameworks */ = {
			isa = PBXGroup;
			children = (
				3D19C44384A8C95BB304500A /* Pods_MapExamples.framework */,
			);
			name = Frameworks;
			sourceTree = "<group>";
		};
		D25B9A8A29CB10C4000F084A /* ViewControllers */ = {
			isa = PBXGroup;
			children = (
				D29592762A05638100C3340A /* InitialViewController.swift */,
				D25B9A8D29CB1119000F084A /* LevelsViewController.swift */,
				D25B9A9129CB1134000F084A /* NavigationViewController.swift */,
				D25B9A8F29CB1125000F084A /* POIsViewController.swift */,
				D25B9A9829CC5A67000F084A /* SamplesTableViewController.swift */,
			);
			path = ViewControllers;
			sourceTree = "<group>";
		};
		D273CEC229C3761700F90C61 /* LocationManagers */ = {
			isa = PBXGroup;
			children = (
				D209119729BB686F007D79BE /* CustomLocationManager.swift */,
				D2A7120D29BF72D4001596C7 /* ManualLocationManager.swift */,
				D2B1DFCC29BB8C5A00F17769 /* PolestarLocationManager.swift */,
			);
			path = LocationManagers;
			sourceTree = "<group>";
		};
		D2A55FDD297FE2F100402286 /* Sources */ = {
			isa = PBXGroup;
			children = (
				D208E10629C312C0007CCC8A /* Constants.swift */,
				D25B9A9429CB4405000F084A /* ConsumerData.swift */,
				D273CEC229C3761700F90C61 /* LocationManagers */,
				D25B9A8A29CB10C4000F084A /* ViewControllers */,
			);
			path = Sources;
			sourceTree = "<group>";
		};
		D2A6254628F6AB2000274721 /* Resources */ = {
			isa = PBXGroup;
			children = (
				D2A7120829BB98A5001596C7 /* nao.kml */,
				D2A6254728F6AB2000274721 /* Assets.xcassets */,
				D2A6254828F6AB2000274721 /* Main.storyboard */,
			);
			path = Resources;
			sourceTree = "<group>";
		};
		D2A6254C28F6AEB900274721 /* Sources */ = {
			isa = PBXGroup;
			children = (
				D2A6254D28F6AEB900274721 /* AppDelegate.swift */,
				D2A6255328F6C08400274721 /* ToastHelper.swift */,
			);
			path = Sources;
			sourceTree = "<group>";
		};
/* End PBXGroup section */

/* Begin PBXNativeTarget section */
		D250C9D628D3176F00DBFF5D /* MapExamples */ = {
			isa = PBXNativeTarget;
			buildConfigurationList = D250CA0128D3177000DBFF5D /* Build configuration list for PBXNativeTarget "MapExamples" */;
			buildPhases = (
				CF08D79DDD138043AEBCFCF2 /* [CP] Check Pods Manifest.lock */,
				D250C9D328D3176F00DBFF5D /* Sources */,
				D250C9D428D3176F00DBFF5D /* Frameworks */,
				D250C9D528D3176F00DBFF5D /* Resources */,
				F208A40B331C486E97836D23 /* [CP] Embed Pods Frameworks */,
			);
			buildRules = (
			);
			dependencies = (
			);
			name = MapExamples;
			productName = Examples;
			productReference = D250C9D728D3176F00DBFF5D /* MapExamples.app */;
			productType = "com.apple.product-type.application";
		};
/* End PBXNativeTarget section */

/* Begin PBXProject section */
		D250C9CF28D3176F00DBFF5D /* Project object */ = {
			isa = PBXProject;
			attributes = {
				BuildIndependentTargetsInParallel = 1;
				LastSwiftUpdateCheck = 1400;
				LastUpgradeCheck = 1400;
				ORGANIZATIONNAME = "Wemap SAS";
				TargetAttributes = {
					D250C9D628D3176F00DBFF5D = {
						CreatedOnToolsVersion = 14.0;
					};
				};
			};
			buildConfigurationList = D250C9D228D3176F00DBFF5D /* Build configuration list for PBXProject "Examples" */;
			compatibilityVersion = "Xcode 14.0";
			developmentRegion = en;
			hasScannedForEncodings = 0;
			knownRegions = (
				en,
				Base,
			);
			mainGroup = D250C9CE28D3176F00DBFF5D;
			productRefGroup = D250C9D828D3176F00DBFF5D /* Products */;
			projectDirPath = "";
			projectRoot = "";
			targets = (
				D250C9D628D3176F00DBFF5D /* MapExamples */,
			);
		};
/* End PBXProject section */

/* Begin PBXResourcesBuildPhase section */
		D250C9D528D3176F00DBFF5D /* Resources */ = {
			isa = PBXResourcesBuildPhase;
			buildActionMask = 2147483647;
			files = (
				D250CA2B28D31E4D00DBFF5D /* Assets.xcassets in Resources */,
				D2A6254A28F6AB2000274721 /* Assets.xcassets in Resources */,
				D25B9A9329CB23C1000F084A /* nao.kml in Resources */,
				D20AB5C729CC9F9F00168FCE /* consumer_data.json in Resources */,
				D250CA2C28D31E4D00DBFF5D /* LaunchScreen.storyboard in Resources */,
				D2A6254B28F6AB2000274721 /* Main.storyboard in Resources */,
			);
			runOnlyForDeploymentPostprocessing = 0;
		};
/* End PBXResourcesBuildPhase section */

/* Begin PBXShellScriptBuildPhase section */
		CF08D79DDD138043AEBCFCF2 /* [CP] Check Pods Manifest.lock */ = {
			isa = PBXShellScriptBuildPhase;
			buildActionMask = 2147483647;
			files = (
			);
			inputFileListPaths = (
			);
			inputPaths = (
				"${PODS_PODFILE_DIR_PATH}/Podfile.lock",
				"${PODS_ROOT}/Manifest.lock",
			);
			name = "[CP] Check Pods Manifest.lock";
			outputFileListPaths = (
			);
			outputPaths = (
				"$(DERIVED_FILE_DIR)/Pods-MapExamples-checkManifestLockResult.txt",
			);
			runOnlyForDeploymentPostprocessing = 0;
			shellPath = /bin/sh;
			shellScript = "diff \"${PODS_PODFILE_DIR_PATH}/Podfile.lock\" \"${PODS_ROOT}/Manifest.lock\" > /dev/null\nif [ $? != 0 ] ; then\n    # print error to STDERR\n    echo \"error: The sandbox is not in sync with the Podfile.lock. Run 'pod install' or update your CocoaPods installation.\" >&2\n    exit 1\nfi\n# This output is used by Xcode 'outputs' to avoid re-running this script phase.\necho \"SUCCESS\" > \"${SCRIPT_OUTPUT_FILE_0}\"\n";
			showEnvVarsInLog = 0;
		};
		F208A40B331C486E97836D23 /* [CP] Embed Pods Frameworks */ = {
			isa = PBXShellScriptBuildPhase;
			buildActionMask = 2147483647;
			files = (
			);
			inputFileListPaths = (
				"${PODS_ROOT}/Target Support Files/Pods-MapExamples/Pods-MapExamples-frameworks-${CONFIGURATION}-input-files.xcfilelist",
			);
			name = "[CP] Embed Pods Frameworks";
			outputFileListPaths = (
				"${PODS_ROOT}/Target Support Files/Pods-MapExamples/Pods-MapExamples-frameworks-${CONFIGURATION}-output-files.xcfilelist",
			);
			runOnlyForDeploymentPostprocessing = 0;
			shellPath = /bin/sh;
			shellScript = "\"${PODS_ROOT}/Target Support Files/Pods-MapExamples/Pods-MapExamples-frameworks.sh\"\n";
			showEnvVarsInLog = 0;
		};
/* End PBXShellScriptBuildPhase section */

/* Begin PBXSourcesBuildPhase section */
		D250C9D328D3176F00DBFF5D /* Sources */ = {
			isa = PBXSourcesBuildPhase;
			buildActionMask = 2147483647;
			files = (
				D2A7120E29BF72D4001596C7 /* ManualLocationManager.swift in Sources */,
				D25B9A9229CB1134000F084A /* NavigationViewController.swift in Sources */,
				D25B9A9529CB4405000F084A /* ConsumerData.swift in Sources */,
				D29592772A05638100C3340A /* InitialViewController.swift in Sources */,
				D2A6254E28F6AEB900274721 /* AppDelegate.swift in Sources */,
				D25B9A9929CC5A67000F084A /* SamplesTableViewController.swift in Sources */,
				D25B9A9029CB1125000F084A /* POIsViewController.swift in Sources */,
				D209119829BB686F007D79BE /* CustomLocationManager.swift in Sources */,
				D2A6255428F6C08400274721 /* ToastHelper.swift in Sources */,
				D25B9A8E29CB1119000F084A /* LevelsViewController.swift in Sources */,
				D2B1DFCD29BB8C5A00F17769 /* PolestarLocationManager.swift in Sources */,
				D208E10729C312C0007CCC8A /* Constants.swift in Sources */,
			);
			runOnlyForDeploymentPostprocessing = 0;
		};
/* End PBXSourcesBuildPhase section */

/* Begin PBXVariantGroup section */
		D250CA2628D31E4D00DBFF5D /* LaunchScreen.storyboard */ = {
			isa = PBXVariantGroup;
			children = (
				D250CA2728D31E4D00DBFF5D /* Base */,
			);
			name = LaunchScreen.storyboard;
			sourceTree = "<group>";
		};
		D2A6254828F6AB2000274721 /* Main.storyboard */ = {
			isa = PBXVariantGroup;
			children = (
				D2A6254928F6AB2000274721 /* Base */,
			);
			name = Main.storyboard;
			sourceTree = "<group>";
		};
/* End PBXVariantGroup section */

/* Begin XCBuildConfiguration section */
		D250C9FF28D3177000DBFF5D /* Debug */ = {
			isa = XCBuildConfiguration;
			buildSettings = {
				ALWAYS_SEARCH_USER_PATHS = NO;
				CLANG_ANALYZER_NONNULL = YES;
				CLANG_ANALYZER_NUMBER_OBJECT_CONVERSION = YES_AGGRESSIVE;
				CLANG_CXX_LANGUAGE_STANDARD = "gnu++20";
				CLANG_ENABLE_MODULES = YES;
				CLANG_ENABLE_OBJC_ARC = YES;
				CLANG_ENABLE_OBJC_WEAK = YES;
				CLANG_WARN_BLOCK_CAPTURE_AUTORELEASING = YES;
				CLANG_WARN_BOOL_CONVERSION = YES;
				CLANG_WARN_COMMA = YES;
				CLANG_WARN_CONSTANT_CONVERSION = YES;
				CLANG_WARN_DEPRECATED_OBJC_IMPLEMENTATIONS = YES;
				CLANG_WARN_DIRECT_OBJC_ISA_USAGE = YES_ERROR;
				CLANG_WARN_DOCUMENTATION_COMMENTS = YES;
				CLANG_WARN_EMPTY_BODY = YES;
				CLANG_WARN_ENUM_CONVERSION = YES;
				CLANG_WARN_INFINITE_RECURSION = YES;
				CLANG_WARN_INT_CONVERSION = YES;
				CLANG_WARN_NON_LITERAL_NULL_CONVERSION = YES;
				CLANG_WARN_OBJC_IMPLICIT_RETAIN_SELF = YES;
				CLANG_WARN_OBJC_LITERAL_CONVERSION = YES;
				CLANG_WARN_OBJC_ROOT_CLASS = YES_ERROR;
				CLANG_WARN_QUOTED_INCLUDE_IN_FRAMEWORK_HEADER = YES;
				CLANG_WARN_RANGE_LOOP_ANALYSIS = YES;
				CLANG_WARN_STRICT_PROTOTYPES = YES;
				CLANG_WARN_SUSPICIOUS_MOVE = YES;
				CLANG_WARN_UNGUARDED_AVAILABILITY = YES_AGGRESSIVE;
				CLANG_WARN_UNREACHABLE_CODE = YES;
				CLANG_WARN__DUPLICATE_METHOD_MATCH = YES;
				COPY_PHASE_STRIP = NO;
				DEBUG_INFORMATION_FORMAT = dwarf;
				ENABLE_STRICT_OBJC_MSGSEND = YES;
				ENABLE_TESTABILITY = YES;
				GCC_C_LANGUAGE_STANDARD = gnu11;
				GCC_DYNAMIC_NO_PIC = NO;
				GCC_NO_COMMON_BLOCKS = YES;
				GCC_OPTIMIZATION_LEVEL = 0;
				GCC_PREPROCESSOR_DEFINITIONS = (
					"DEBUG=1",
					"$(inherited)",
				);
				GCC_WARN_64_TO_32_BIT_CONVERSION = YES;
				GCC_WARN_ABOUT_RETURN_TYPE = YES_ERROR;
				GCC_WARN_UNDECLARED_SELECTOR = YES;
				GCC_WARN_UNINITIALIZED_AUTOS = YES_AGGRESSIVE;
				GCC_WARN_UNUSED_FUNCTION = YES;
				GCC_WARN_UNUSED_VARIABLE = YES;
				IPHONEOS_DEPLOYMENT_TARGET = 11.0;
				MTL_ENABLE_DEBUG_INFO = INCLUDE_SOURCE;
				MTL_FAST_MATH = YES;
				ONLY_ACTIVE_ARCH = YES;
				SDKROOT = iphoneos;
				SWIFT_ACTIVE_COMPILATION_CONDITIONS = DEBUG;
				SWIFT_OPTIMIZATION_LEVEL = "-Onone";
				VERSIONING_SYSTEM = "apple-generic";
			};
			name = Debug;
		};
		D250CA0028D3177000DBFF5D /* Release */ = {
			isa = XCBuildConfiguration;
			buildSettings = {
				ALWAYS_SEARCH_USER_PATHS = NO;
				CLANG_ANALYZER_NONNULL = YES;
				CLANG_ANALYZER_NUMBER_OBJECT_CONVERSION = YES_AGGRESSIVE;
				CLANG_CXX_LANGUAGE_STANDARD = "gnu++20";
				CLANG_ENABLE_MODULES = YES;
				CLANG_ENABLE_OBJC_ARC = YES;
				CLANG_ENABLE_OBJC_WEAK = YES;
				CLANG_WARN_BLOCK_CAPTURE_AUTORELEASING = YES;
				CLANG_WARN_BOOL_CONVERSION = YES;
				CLANG_WARN_COMMA = YES;
				CLANG_WARN_CONSTANT_CONVERSION = YES;
				CLANG_WARN_DEPRECATED_OBJC_IMPLEMENTATIONS = YES;
				CLANG_WARN_DIRECT_OBJC_ISA_USAGE = YES_ERROR;
				CLANG_WARN_DOCUMENTATION_COMMENTS = YES;
				CLANG_WARN_EMPTY_BODY = YES;
				CLANG_WARN_ENUM_CONVERSION = YES;
				CLANG_WARN_INFINITE_RECURSION = YES;
				CLANG_WARN_INT_CONVERSION = YES;
				CLANG_WARN_NON_LITERAL_NULL_CONVERSION = YES;
				CLANG_WARN_OBJC_IMPLICIT_RETAIN_SELF = YES;
				CLANG_WARN_OBJC_LITERAL_CONVERSION = YES;
				CLANG_WARN_OBJC_ROOT_CLASS = YES_ERROR;
				CLANG_WARN_QUOTED_INCLUDE_IN_FRAMEWORK_HEADER = YES;
				CLANG_WARN_RANGE_LOOP_ANALYSIS = YES;
				CLANG_WARN_STRICT_PROTOTYPES = YES;
				CLANG_WARN_SUSPICIOUS_MOVE = YES;
				CLANG_WARN_UNGUARDED_AVAILABILITY = YES_AGGRESSIVE;
				CLANG_WARN_UNREACHABLE_CODE = YES;
				CLANG_WARN__DUPLICATE_METHOD_MATCH = YES;
				COPY_PHASE_STRIP = NO;
				DEBUG_INFORMATION_FORMAT = "dwarf-with-dsym";
				ENABLE_NS_ASSERTIONS = NO;
				ENABLE_STRICT_OBJC_MSGSEND = YES;
				GCC_C_LANGUAGE_STANDARD = gnu11;
				GCC_NO_COMMON_BLOCKS = YES;
				GCC_WARN_64_TO_32_BIT_CONVERSION = YES;
				GCC_WARN_ABOUT_RETURN_TYPE = YES_ERROR;
				GCC_WARN_UNDECLARED_SELECTOR = YES;
				GCC_WARN_UNINITIALIZED_AUTOS = YES_AGGRESSIVE;
				GCC_WARN_UNUSED_FUNCTION = YES;
				GCC_WARN_UNUSED_VARIABLE = YES;
				IPHONEOS_DEPLOYMENT_TARGET = 11.0;
				MTL_ENABLE_DEBUG_INFO = NO;
				MTL_FAST_MATH = YES;
				SDKROOT = iphoneos;
				SWIFT_COMPILATION_MODE = wholemodule;
				SWIFT_OPTIMIZATION_LEVEL = "-O";
				VALIDATE_PRODUCT = YES;
				VERSIONING_SYSTEM = "apple-generic";
			};
			name = Release;
		};
		D250CA0228D3177000DBFF5D /* Debug */ = {
			isa = XCBuildConfiguration;
			baseConfigurationReference = 1EC7D609D684FC24A57CFD40 /* Pods-MapExamples.debug.xcconfig */;
			buildSettings = {
				ASSETCATALOG_COMPILER_APPICON_NAME = AppIcon;
				ASSETCATALOG_COMPILER_GLOBAL_ACCENT_COLOR_NAME = AccentColor;
				CODE_SIGN_STYLE = Automatic;
				CURRENT_PROJECT_VERSION = 18;
				DEVELOPMENT_TEAM = 64DXV5M5R8;
				GENERATE_INFOPLIST_FILE = YES;
				INFOPLIST_FILE = Examples/Resources/Info.plist;
				INFOPLIST_KEY_NSBluetoothAlwaysUsageDescription = "For Polestar";
				INFOPLIST_KEY_NSLocationWhenInUseUsageDescription = "Used to track user location";
				INFOPLIST_KEY_UIApplicationSupportsIndirectInputEvents = YES;
				INFOPLIST_KEY_UILaunchStoryboardName = LaunchScreen;
				INFOPLIST_KEY_UIMainStoryboardFile = Main;
				INFOPLIST_KEY_UISupportedInterfaceOrientations_iPad = "UIInterfaceOrientationPortrait UIInterfaceOrientationPortraitUpsideDown UIInterfaceOrientationLandscapeLeft UIInterfaceOrientationLandscapeRight";
				INFOPLIST_KEY_UISupportedInterfaceOrientations_iPhone = "UIInterfaceOrientationPortrait UIInterfaceOrientationLandscapeLeft UIInterfaceOrientationLandscapeRight";
				LD_RUNPATH_SEARCH_PATHS = (
					"$(inherited)",
					"@executable_path/Frameworks",
				);
				MARKETING_VERSION = 0.1.0;
				PRODUCT_BUNDLE_IDENTIFIER = com.getwemap.example.map.debug;
				PRODUCT_NAME = "$(TARGET_NAME)";
				SWIFT_EMIT_LOC_STRINGS = YES;
				SWIFT_VERSION = 5.0;
				TARGETED_DEVICE_FAMILY = "1,2";
			};
			name = Debug;
		};
		D250CA0328D3177000DBFF5D /* Release */ = {
			isa = XCBuildConfiguration;
			baseConfigurationReference = 5A102B57F41605E92501ED77 /* Pods-MapExamples.release.xcconfig */;
			buildSettings = {
				ASSETCATALOG_COMPILER_APPICON_NAME = AppIcon;
				ASSETCATALOG_COMPILER_GLOBAL_ACCENT_COLOR_NAME = AccentColor;
				CODE_SIGN_IDENTITY = "Apple Distribution";
				CODE_SIGN_STYLE = Manual;
				CURRENT_PROJECT_VERSION = 18;
				DEVELOPMENT_TEAM = 64DXV5M5R8;
				GENERATE_INFOPLIST_FILE = YES;
				INFOPLIST_FILE = Examples/Resources/Info.plist;
				INFOPLIST_KEY_NSBluetoothAlwaysUsageDescription = "For Polestar";
				INFOPLIST_KEY_NSLocationWhenInUseUsageDescription = "Used to track user location";
				INFOPLIST_KEY_UIApplicationSupportsIndirectInputEvents = YES;
				INFOPLIST_KEY_UILaunchStoryboardName = LaunchScreen;
				INFOPLIST_KEY_UIMainStoryboardFile = Main;
				INFOPLIST_KEY_UISupportedInterfaceOrientations_iPad = "UIInterfaceOrientationPortrait UIInterfaceOrientationPortraitUpsideDown UIInterfaceOrientationLandscapeLeft UIInterfaceOrientationLandscapeRight";
				INFOPLIST_KEY_UISupportedInterfaceOrientations_iPhone = "UIInterfaceOrientationPortrait UIInterfaceOrientationLandscapeLeft UIInterfaceOrientationLandscapeRight";
				LD_RUNPATH_SEARCH_PATHS = (
					"$(inherited)",
					"@executable_path/Frameworks",
				);
				MARKETING_VERSION = 0.1.0;
				PRODUCT_BUNDLE_IDENTIFIER = com.getwemap.example.map;
				PRODUCT_NAME = "$(TARGET_NAME)";
				PROVISIONING_PROFILE_SPECIFIER = "match AdHoc com.getwemap.example.map";
				SWIFT_EMIT_LOC_STRINGS = YES;
				SWIFT_VERSION = 5.0;
				TARGETED_DEVICE_FAMILY = "1,2";
			};
			name = Release;
		};
/* End XCBuildConfiguration section */

/* Begin XCConfigurationList section */
		D250C9D228D3176F00DBFF5D /* Build configuration list for PBXProject "Examples" */ = {
			isa = XCConfigurationList;
			buildConfigurations = (
				D250C9FF28D3177000DBFF5D /* Debug */,
				D250CA0028D3177000DBFF5D /* Release */,
			);
			defaultConfigurationIsVisible = 0;
			defaultConfigurationName = Release;
		};
		D250CA0128D3177000DBFF5D /* Build configuration list for PBXNativeTarget "MapExamples" */ = {
			isa = XCConfigurationList;
			buildConfigurations = (
				D250CA0228D3177000DBFF5D /* Debug */,
				D250CA0328D3177000DBFF5D /* Release */,
			);
			defaultConfigurationIsVisible = 0;
			defaultConfigurationName = Release;
		};
/* End XCConfigurationList section */
	};
	rootObject = D250C9CF28D3176F00DBFF5D /* Project object */;
}
