// !$*UTF8*$!
{
	archiveVersion = 1;
	classes = {
	};
	objectVersion = 70;
	objects = {

/* Begin PBXBuildFile section */
		D208E10729C312C0007CCC8A /* Constants.swift in Sources */ = {isa = PBXBuildFile; fileRef = D208E10629C312C0007CCC8A /* Constants.swift */; };
		D21B0EC02E05956D0006044F /* VerticalSegmentedControl.swift in Sources */ = {isa = PBXBuildFile; fileRef = D21B0EBF2E0595600006044F /* VerticalSegmentedControl.swift */; };
		D21B0EC12E05956D0006044F /* VerticalSegmentedControl.swift in Sources */ = {isa = PBXBuildFile; fileRef = D21B0EBF2E0595600006044F /* VerticalSegmentedControl.swift */; };
		D21B0EC62E05A2190006044F /* LevelSwitch.swift in Sources */ = {isa = PBXBuildFile; fileRef = D21B0EC52E05A2100006044F /* LevelSwitch.swift */; };
		D21B0EC82E05A2190006044F /* LevelSwitch.swift in Sources */ = {isa = PBXBuildFile; fileRef = D21B0EC52E05A2100006044F /* LevelSwitch.swift */; };
		D21BA7242D390C6B00A1C95D /* ToastHelper.swift in Sources */ = {isa = PBXBuildFile; fileRef = D2A6255328F6C08400274721 /* ToastHelper.swift */; };
		D22612AA2DCDF0890053B250 /* geoJsonItinerary.json in Resources */ = {isa = PBXBuildFile; fileRef = D22612A92DCDF0890053B250 /* geoJsonItinerary.json */; };
		D22612AE2DCE2AFB0053B250 /* ItineraryLoader.swift in Sources */ = {isa = PBXBuildFile; fileRef = D22612AD2DCE2AF60053B250 /* ItineraryLoader.swift */; };
		D22EC7482A79017A007BC4DE /* MapViewController.swift in Sources */ = {isa = PBXBuildFile; fileRef = D22EC7472A79017A007BC4DE /* MapViewController.swift */; };
		D2315E6F2C0717C600BAF1CB /* Constants.swift in Sources */ = {isa = PBXBuildFile; fileRef = D208E10629C312C0007CCC8A /* Constants.swift */; };
		D2315E702C0717E700BAF1CB /* UIConstants.swift in Sources */ = {isa = PBXBuildFile; fileRef = D26AB63E2B30534F00408BF8 /* UIConstants.swift */; };
		D250CA2B28D31E4D00DBFF5D /* Assets.xcassets in Resources */ = {isa = PBXBuildFile; fileRef = D250CA2528D31E4D00DBFF5D /* Assets.xcassets */; };
		D250CA2C28D31E4D00DBFF5D /* LaunchScreen.storyboard in Resources */ = {isa = PBXBuildFile; fileRef = D250CA2628D31E4D00DBFF5D /* LaunchScreen.storyboard */; };
		D250CA3F28D31EF100DBFF5D /* Assets.xcassets in Resources */ = {isa = PBXBuildFile; fileRef = D250CA2528D31E4D00DBFF5D /* Assets.xcassets */; };
		D250CA4028D31EF100DBFF5D /* LaunchScreen.storyboard in Resources */ = {isa = PBXBuildFile; fileRef = D250CA2628D31E4D00DBFF5D /* LaunchScreen.storyboard */; };
		D250CA6B28D31EF700DBFF5D /* Assets.xcassets in Resources */ = {isa = PBXBuildFile; fileRef = D250CA2528D31E4D00DBFF5D /* Assets.xcassets */; };
		D250CA6C28D31EF700DBFF5D /* LaunchScreen.storyboard in Resources */ = {isa = PBXBuildFile; fileRef = D250CA2628D31E4D00DBFF5D /* LaunchScreen.storyboard */; };
		D250CA8128D31EFD00DBFF5D /* Assets.xcassets in Resources */ = {isa = PBXBuildFile; fileRef = D250CA2528D31E4D00DBFF5D /* Assets.xcassets */; };
		D250CA8228D31EFD00DBFF5D /* LaunchScreen.storyboard in Resources */ = {isa = PBXBuildFile; fileRef = D250CA2628D31E4D00DBFF5D /* LaunchScreen.storyboard */; };
		D256A37D2A93C6CB00798FB7 /* ToastHelper.swift in Sources */ = {isa = PBXBuildFile; fileRef = D2A6255328F6C08400274721 /* ToastHelper.swift */; };
		D25992D22C358F1E0041F9FE /* UserDefaults+Additions.swift in Sources */ = {isa = PBXBuildFile; fileRef = D2D90E952B05292900DC7BF9 /* UserDefaults+Additions.swift */; };
		D25992D42C35941B0041F9FE /* GlobalNavigationOptions.swift in Sources */ = {isa = PBXBuildFile; fileRef = D25992D32C35941B0041F9FE /* GlobalNavigationOptions.swift */; };
		D25992D52C35941B0041F9FE /* GlobalNavigationOptions.swift in Sources */ = {isa = PBXBuildFile; fileRef = D25992D32C35941B0041F9FE /* GlobalNavigationOptions.swift */; };
		D25992E22C359F020041F9FE /* GeoARViewController.swift in Sources */ = {isa = PBXBuildFile; fileRef = D25992DA2C359D510041F9FE /* GeoARViewController.swift */; };
		D267EF732D381723004AE5B6 /* Constants.swift in Sources */ = {isa = PBXBuildFile; fileRef = D208E10629C312C0007CCC8A /* Constants.swift */; };
		D26AB63D2B30532F00408BF8 /* Constants.swift in Sources */ = {isa = PBXBuildFile; fileRef = D208E10629C312C0007CCC8A /* Constants.swift */; };
		D26AB63F2B30534F00408BF8 /* UIConstants.swift in Sources */ = {isa = PBXBuildFile; fileRef = D26AB63E2B30534F00408BF8 /* UIConstants.swift */; };
		D26AB6402B30534F00408BF8 /* UIConstants.swift in Sources */ = {isa = PBXBuildFile; fileRef = D26AB63E2B30534F00408BF8 /* UIConstants.swift */; };
		D273E3202AA0DF1D00114854 /* MapViewController.swift in Sources */ = {isa = PBXBuildFile; fileRef = D22EC7472A79017A007BC4DE /* MapViewController.swift */; };
		D273E3212AA0E3B200114854 /* ToastHelper.swift in Sources */ = {isa = PBXBuildFile; fileRef = D2A6255328F6C08400274721 /* ToastHelper.swift */; };
		D277D2592E09757800054C3B /* AlertFactory.swift in Sources */ = {isa = PBXBuildFile; fileRef = D277D2572E09752900054C3B /* AlertFactory.swift */; };
		D277D25A2E09757800054C3B /* AlertFactory.swift in Sources */ = {isa = PBXBuildFile; fileRef = D277D2572E09752900054C3B /* AlertFactory.swift */; };
		D278A3DB2D663A7D006440A6 /* UserDefaults+Additions.swift in Sources */ = {isa = PBXBuildFile; fileRef = D2D90E952B05292900DC7BF9 /* UserDefaults+Additions.swift */; };
		D2A55FE1297FE32600402286 /* SettingsBundleHelper.swift in Sources */ = {isa = PBXBuildFile; fileRef = D2A55FE0297FE32600402286 /* SettingsBundleHelper.swift */; };
		D2A55FE629801A3700402286 /* SettingsBundleHelper.swift in Sources */ = {isa = PBXBuildFile; fileRef = D2A55FE0297FE32600402286 /* SettingsBundleHelper.swift */; };
		D2A55FE829801A3900402286 /* SettingsBundleHelper.swift in Sources */ = {isa = PBXBuildFile; fileRef = D2A55FE0297FE32600402286 /* SettingsBundleHelper.swift */; };
		D2A55FE929801A3900402286 /* SettingsBundleHelper.swift in Sources */ = {isa = PBXBuildFile; fileRef = D2A55FE0297FE32600402286 /* SettingsBundleHelper.swift */; };
		D2A6254E28F6AEB900274721 /* AppDelegate.swift in Sources */ = {isa = PBXBuildFile; fileRef = D2A6254D28F6AEB900274721 /* AppDelegate.swift */; };
		D2A6254F28F6AEB900274721 /* AppDelegate.swift in Sources */ = {isa = PBXBuildFile; fileRef = D2A6254D28F6AEB900274721 /* AppDelegate.swift */; };
		D2A6255128F6AEB900274721 /* AppDelegate.swift in Sources */ = {isa = PBXBuildFile; fileRef = D2A6254D28F6AEB900274721 /* AppDelegate.swift */; };
		D2A6255228F6AEB900274721 /* AppDelegate.swift in Sources */ = {isa = PBXBuildFile; fileRef = D2A6254D28F6AEB900274721 /* AppDelegate.swift */; };
		D2A6255428F6C08400274721 /* ToastHelper.swift in Sources */ = {isa = PBXBuildFile; fileRef = D2A6255328F6C08400274721 /* ToastHelper.swift */; };
		D2A8B2B52F5B372C0034D9E1 /* WemapGeoARSDK in Frameworks */ = {isa = PBXBuildFile; productRef = D2A8B2B42F5B372C0034D9E1 /* WemapGeoARSDK */; };
		D2A8B2B72F5B372C0034D9E1 /* WemapMapSDK in Frameworks */ = {isa = PBXBuildFile; productRef = D2A8B2B62F5B372C0034D9E1 /* WemapMapSDK */; };
		D2A8B2B92F5B372C0034D9E1 /* WemapPositioningSDKGPS in Frameworks */ = {isa = PBXBuildFile; productRef = D2A8B2B82F5B372C0034D9E1 /* WemapPositioningSDKGPS */; };
		D2A8B2BB2F5B372C0034D9E1 /* WemapPositioningSDKVPSARKit in Frameworks */ = {isa = PBXBuildFile; productRef = D2A8B2BA2F5B372C0034D9E1 /* WemapPositioningSDKVPSARKit */; };
		D2A8B2BF2F5B37580034D9E1 /* WemapMapSDK in Frameworks */ = {isa = PBXBuildFile; productRef = D2A8B2BE2F5B37580034D9E1 /* WemapMapSDK */; };
		D2A8B2C72F5B377D0034D9E1 /* WemapPositioningSDKVPSARKit in Frameworks */ = {isa = PBXBuildFile; productRef = D2A8B2C62F5B377D0034D9E1 /* WemapPositioningSDKVPSARKit */; };
		D2A8B2C92F5B37850034D9E1 /* WemapPositioningSDKVPSARKit in Frameworks */ = {isa = PBXBuildFile; productRef = D2A8B2C82F5B37850034D9E1 /* WemapPositioningSDKVPSARKit */; };
		D2A8B2D12F5B380000DBFF5D /* WemapPositioningSDKGPS in Frameworks */ = {isa = PBXBuildFile; productRef = D2A8B2D02F5B380000DBFF5D /* WemapPositioningSDKGPS */; };
		D2D90E962B05292900DC7BF9 /* UserDefaults+Additions.swift in Sources */ = {isa = PBXBuildFile; fileRef = D2D90E952B05292900DC7BF9 /* UserDefaults+Additions.swift */; };
		D2D90E972B05292900DC7BF9 /* UserDefaults+Additions.swift in Sources */ = {isa = PBXBuildFile; fileRef = D2D90E952B05292900DC7BF9 /* UserDefaults+Additions.swift */; };
		D2E4BA3E2E9670AE00B9247D /* AlertFactory.swift in Sources */ = {isa = PBXBuildFile; fileRef = D277D2572E09752900054C3B /* AlertFactory.swift */; };
		D2F8E1712C46C2220063C9A7 /* GlobalItineraryOptions.swift in Sources */ = {isa = PBXBuildFile; fileRef = D2F8E1702C46C2220063C9A7 /* GlobalItineraryOptions.swift */; };
		D2F8E1722C46C2220063C9A7 /* GlobalItineraryOptions.swift in Sources */ = {isa = PBXBuildFile; fileRef = D2F8E1702C46C2220063C9A7 /* GlobalItineraryOptions.swift */; };
		D2FE00042F00000000000004 /* SceneDelegate.swift in Sources */ = {isa = PBXBuildFile; fileRef = D2FE00002F00000000000000 /* SceneDelegate.swift */; };
		D2FE00052F00000000000005 /* SceneDelegate.swift in Sources */ = {isa = PBXBuildFile; fileRef = D2FE00002F00000000000000 /* SceneDelegate.swift */; };
		D2FE00062F00000000000006 /* SceneDelegate.swift in Sources */ = {isa = PBXBuildFile; fileRef = D2FE00002F00000000000000 /* SceneDelegate.swift */; };
		D2FE00072F00000000000007 /* SceneDelegate.swift in Sources */ = {isa = PBXBuildFile; fileRef = D2FE00002F00000000000000 /* SceneDelegate.swift */; };
/* End PBXBuildFile section */

/* Begin PBXFileReference section */
		D208E10629C312C0007CCC8A /* Constants.swift */ = {isa = PBXFileReference; lastKnownFileType = sourcecode.swift; path = Constants.swift; sourceTree = "<group>"; };
		D21B0EBF2E0595600006044F /* VerticalSegmentedControl.swift */ = {isa = PBXFileReference; lastKnownFileType = sourcecode.swift; path = VerticalSegmentedControl.swift; sourceTree = "<group>"; };
		D21B0EC52E05A2100006044F /* LevelSwitch.swift */ = {isa = PBXFileReference; lastKnownFileType = sourcecode.swift; path = LevelSwitch.swift; sourceTree = "<group>"; };
		D22612A92DCDF0890053B250 /* geoJsonItinerary.json */ = {isa = PBXFileReference; lastKnownFileType = text.json; path = geoJsonItinerary.json; sourceTree = "<group>"; };
		D22612AD2DCE2AF60053B250 /* ItineraryLoader.swift */ = {isa = PBXFileReference; lastKnownFileType = sourcecode.swift; path = ItineraryLoader.swift; sourceTree = "<group>"; };
		D22EC7472A79017A007BC4DE /* MapViewController.swift */ = {isa = PBXFileReference; lastKnownFileType = sourcecode.swift; path = MapViewController.swift; sourceTree = "<group>"; };
		D245969D30616DDE005526AD /* CHANGELOG.md */ = {isa = PBXFileReference; lastKnownFileType = net.daringfireball.markdown; path = CHANGELOG.md; sourceTree = "<group>"; };
		D245969E30616DDE005526AD /* README.md */ = {isa = PBXFileReference; lastKnownFileType = net.daringfireball.markdown; path = README.md; sourceTree = "<group>"; };
		D250C9D728D3176F00DBFF5D /* Map.app */ = {isa = PBXFileReference; explicitFileType = wrapper.application; includeInIndex = 0; path = Map.app; sourceTree = BUILT_PRODUCTS_DIR; };
		D250CA2528D31E4D00DBFF5D /* Assets.xcassets */ = {isa = PBXFileReference; lastKnownFileType = folder.assetcatalog; path = Assets.xcassets; sourceTree = "<group>"; };
		D250CA2728D31E4D00DBFF5D /* Base */ = {isa = PBXFileReference; lastKnownFileType = file.storyboard; name = Base; path = Base.lproj/LaunchScreen.storyboard; sourceTree = "<group>"; };
		D250CA2A28D31E4D00DBFF5D /* Info.plist */ = {isa = PBXFileReference; fileEncoding = 4; lastKnownFileType = text.plist.xml; path = Info.plist; sourceTree = "<group>"; };
		D250CA4428D31EF100DBFF5D /* Map+Pos.app */ = {isa = PBXFileReference; explicitFileType = wrapper.application; includeInIndex = 0; path = "Map+Pos.app"; sourceTree = BUILT_PRODUCTS_DIR; };
		D250CA7028D31EF700DBFF5D /* Pos.app */ = {isa = PBXFileReference; explicitFileType = wrapper.application; includeInIndex = 0; path = Pos.app; sourceTree = BUILT_PRODUCTS_DIR; };
		D250CA8628D31EFD00DBFF5D /* Pos+AR.app */ = {isa = PBXFileReference; explicitFileType = wrapper.application; includeInIndex = 0; path = "Pos+AR.app"; sourceTree = BUILT_PRODUCTS_DIR; };
		D25992D32C35941B0041F9FE /* GlobalNavigationOptions.swift */ = {isa = PBXFileReference; lastKnownFileType = sourcecode.swift; path = GlobalNavigationOptions.swift; sourceTree = "<group>"; };
		D25992DA2C359D510041F9FE /* GeoARViewController.swift */ = {isa = PBXFileReference; lastKnownFileType = sourcecode.swift; path = GeoARViewController.swift; sourceTree = "<group>"; };
		D26AB63E2B30534F00408BF8 /* UIConstants.swift */ = {isa = PBXFileReference; lastKnownFileType = sourcecode.swift; path = UIConstants.swift; sourceTree = "<group>"; };
		D277D2572E09752900054C3B /* AlertFactory.swift */ = {isa = PBXFileReference; lastKnownFileType = sourcecode.swift; path = AlertFactory.swift; sourceTree = "<group>"; };
		D2A55FE0297FE32600402286 /* SettingsBundleHelper.swift */ = {isa = PBXFileReference; lastKnownFileType = sourcecode.swift; path = SettingsBundleHelper.swift; sourceTree = "<group>"; };
		D2A6254D28F6AEB900274721 /* AppDelegate.swift */ = {isa = PBXFileReference; fileEncoding = 4; lastKnownFileType = sourcecode.swift; path = AppDelegate.swift; sourceTree = "<group>"; };
		D2A6255328F6C08400274721 /* ToastHelper.swift */ = {isa = PBXFileReference; lastKnownFileType = sourcecode.swift; path = ToastHelper.swift; sourceTree = "<group>"; };
		D2A9CBAB2B5586CD00E50D09 /* fr */ = {isa = PBXFileReference; lastKnownFileType = text.plist.strings; name = fr; path = fr.lproj/LaunchScreen.strings; sourceTree = "<group>"; };
		D2D90E952B05292900DC7BF9 /* UserDefaults+Additions.swift */ = {isa = PBXFileReference; lastKnownFileType = sourcecode.swift; path = "UserDefaults+Additions.swift"; sourceTree = "<group>"; };
		D2DFCB802D146F7800ACC6AF /* nl */ = {isa = PBXFileReference; lastKnownFileType = text.plist.strings; name = nl; path = nl.lproj/LaunchScreen.strings; sourceTree = "<group>"; };
		D2DFCB812D146F8800ACC6AF /* de */ = {isa = PBXFileReference; lastKnownFileType = text.plist.strings; name = de; path = de.lproj/LaunchScreen.strings; sourceTree = "<group>"; };
		D2DFCB822D146F9500ACC6AF /* it */ = {isa = PBXFileReference; lastKnownFileType = text.plist.strings; name = it; path = it.lproj/LaunchScreen.strings; sourceTree = "<group>"; };
		D2DFCB832D146FA900ACC6AF /* ru */ = {isa = PBXFileReference; lastKnownFileType = text.plist.strings; name = ru; path = ru.lproj/LaunchScreen.strings; sourceTree = "<group>"; };
		D2DFCB842D146FBE00ACC6AF /* pt */ = {isa = PBXFileReference; lastKnownFileType = text.plist.strings; name = pt; path = pt.lproj/LaunchScreen.strings; sourceTree = "<group>"; };
		D2DFCB852D146FCE00ACC6AF /* es */ = {isa = PBXFileReference; lastKnownFileType = text.plist.strings; name = es; path = es.lproj/LaunchScreen.strings; sourceTree = "<group>"; };
		D2F8E1702C46C2220063C9A7 /* GlobalItineraryOptions.swift */ = {isa = PBXFileReference; lastKnownFileType = sourcecode.swift; path = GlobalItineraryOptions.swift; sourceTree = "<group>"; };
		D2FE00002F00000000000000 /* SceneDelegate.swift */ = {isa = PBXFileReference; fileEncoding = 4; lastKnownFileType = sourcecode.swift; path = SceneDelegate.swift; sourceTree = "<group>"; };
/* End PBXFileReference section */

/* Begin PBXFileSystemSynchronizedRootGroup section */
		0A8F452024922F90570DFFCD /* Map+Positioning */ = {isa = PBXFileSystemSynchronizedRootGroup; explicitFileTypes = {}; explicitFolders = (); path = "Map+Positioning"; sourceTree = "<group>"; };
		5AA8153DB80E5CF134EE82C3 /* Positioning+AR */ = {isa = PBXFileSystemSynchronizedRootGroup; explicitFileTypes = {}; explicitFolders = (); path = "Positioning+AR"; sourceTree = "<group>"; };
		61A798FDA345B79D8FA132B7 /* Positioning */ = {isa = PBXFileSystemSynchronizedRootGroup; explicitFileTypes = {}; explicitFolders = (); path = Positioning; sourceTree = "<group>"; };
		A1CFCD0B11125A67A2C2FEE2 /* Map */ = {isa = PBXFileSystemSynchronizedRootGroup; explicitFileTypes = {}; explicitFolders = (); path = Map; sourceTree = "<group>"; };
/* End PBXFileSystemSynchronizedRootGroup section */

/* Begin PBXFrameworksBuildPhase section */
		D250C9D428D3176F00DBFF5D /* Frameworks */ = {
			isa = PBXFrameworksBuildPhase;
			buildActionMask = 2147483647;
			files = (
				D2A8B2B72F5B372C0034D9E1 /* WemapMapSDK in Frameworks */,
			);
			runOnlyForDeploymentPostprocessing = 0;
		};
		D250CA3B28D31EF100DBFF5D /* Frameworks */ = {
			isa = PBXFrameworksBuildPhase;
			buildActionMask = 2147483647;
			files = (
				D2A8B2BB2F5B372C0034D9E1 /* WemapPositioningSDKVPSARKit in Frameworks */,
				D2A8B2D12F5B380000DBFF5D /* WemapPositioningSDKGPS in Frameworks */,
				D2A8B2BF2F5B37580034D9E1 /* WemapMapSDK in Frameworks */,
			);
			runOnlyForDeploymentPostprocessing = 0;
		};
		D250CA6728D31EF700DBFF5D /* Frameworks */ = {
			isa = PBXFrameworksBuildPhase;
			buildActionMask = 2147483647;
			files = (
				D2A8B2C72F5B377D0034D9E1 /* WemapPositioningSDKVPSARKit in Frameworks */,
			);
			runOnlyForDeploymentPostprocessing = 0;
		};
		D250CA7D28D31EFD00DBFF5D /* Frameworks */ = {
			isa = PBXFrameworksBuildPhase;
			buildActionMask = 2147483647;
			files = (
				D2A8B2C92F5B37850034D9E1 /* WemapPositioningSDKVPSARKit in Frameworks */,
				D2A8B2B52F5B372C0034D9E1 /* WemapGeoARSDK in Frameworks */,
				D2A8B2B92F5B372C0034D9E1 /* WemapPositioningSDKGPS in Frameworks */,
			);
			runOnlyForDeploymentPostprocessing = 0;
		};
/* End PBXFrameworksBuildPhase section */

/* Begin PBXGroup section */
		D250C9CE28D3176F00DBFF5D = {
			isa = PBXGroup;
			children = (
				D245969D30616DDE005526AD /* CHANGELOG.md */,
				D245969E30616DDE005526AD /* README.md */,
				D250C9D928D3176F00DBFF5D /* Examples */,
				D250C9D828D3176F00DBFF5D /* Products */,
				D25386163010FB170014A44C /* Frameworks */,
			);
			sourceTree = "<group>";
		};
		D250C9D828D3176F00DBFF5D /* Products */ = {
			isa = PBXGroup;
			children = (
				D250C9D728D3176F00DBFF5D /* Map.app */,
				D250CA4428D31EF100DBFF5D /* Map+Pos.app */,
				D250CA7028D31EF700DBFF5D /* Pos.app */,
				D250CA8628D31EFD00DBFF5D /* Pos+AR.app */,
			);
			name = Products;
			sourceTree = "<group>";
		};
		D250C9D928D3176F00DBFF5D /* Examples */ = {
			isa = PBXGroup;
			children = (
				A1CFCD0B11125A67A2C2FEE2 /* Map */,
				0A8F452024922F90570DFFCD /* Map+Positioning */,
				61A798FDA345B79D8FA132B7 /* Positioning */,
				5AA8153DB80E5CF134EE82C3 /* Positioning+AR */,
				D250CA2428D31E4D00DBFF5D /* Resources */,
				D2A6254C28F6AEB900274721 /* Sources */,
			);
			path = Examples;
			sourceTree = "<group>";
		};
		D250CA2428D31E4D00DBFF5D /* Resources */ = {
			isa = PBXGroup;
			children = (
				D22612A92DCDF0890053B250 /* geoJsonItinerary.json */,
				D250CA2A28D31E4D00DBFF5D /* Info.plist */,
				D250CA2528D31E4D00DBFF5D /* Assets.xcassets */,
				D250CA2628D31E4D00DBFF5D /* LaunchScreen.storyboard */,
			);
			path = Resources;
			sourceTree = "<group>";
		};
		D25386163010FB170014A44C /* Frameworks */ = {
			isa = PBXGroup;
			children = (
			);
			name = Frameworks;
			sourceTree = "<group>";
		};
		D25992DD2C359D5E0041F9FE /* ViewControllers */ = {
			isa = PBXGroup;
			children = (
				D25992DA2C359D510041F9FE /* GeoARViewController.swift */,
				D22EC7472A79017A007BC4DE /* MapViewController.swift */,
			);
			path = ViewControllers;
			sourceTree = "<group>";
		};
		D2A6254C28F6AEB900274721 /* Sources */ = {
			isa = PBXGroup;
			children = (
				D277D2572E09752900054C3B /* AlertFactory.swift */,
				D2A6254D28F6AEB900274721 /* AppDelegate.swift */,
				D2FE00002F00000000000000 /* SceneDelegate.swift */,
				D208E10629C312C0007CCC8A /* Constants.swift */,
				D2F8E1702C46C2220063C9A7 /* GlobalItineraryOptions.swift */,
				D25992D32C35941B0041F9FE /* GlobalNavigationOptions.swift */,
				D22612AD2DCE2AF60053B250 /* ItineraryLoader.swift */,
				D21B0EC52E05A2100006044F /* LevelSwitch.swift */,
				D21B0EBF2E0595600006044F /* VerticalSegmentedControl.swift */,
				D2A55FE0297FE32600402286 /* SettingsBundleHelper.swift */,
				D2A6255328F6C08400274721 /* ToastHelper.swift */,
				D26AB63E2B30534F00408BF8 /* UIConstants.swift */,
				D2D90E952B05292900DC7BF9 /* UserDefaults+Additions.swift */,
				D25992DD2C359D5E0041F9FE /* ViewControllers */,
			);
			path = Sources;
			sourceTree = "<group>";
		};
/* End PBXGroup section */

/* Begin PBXNativeTarget section */
		D250C9D628D3176F00DBFF5D /* MapExample */ = {
			isa = PBXNativeTarget;
			buildConfigurationList = D250CA0128D3177000DBFF5D /* Build configuration list for PBXNativeTarget "MapExample" */;
			buildPhases = (
				D250C9D328D3176F00DBFF5D /* Sources */,
				D250C9D428D3176F00DBFF5D /* Frameworks */,
				D250C9D528D3176F00DBFF5D /* Resources */,
			);
			buildRules = (
			);
			dependencies = (
			);
			fileSystemSynchronizedGroups = (
				A1CFCD0B11125A67A2C2FEE2 /* Map */,
			);
			name = MapExample;
			productName = Examples;
			productReference = D250C9D728D3176F00DBFF5D /* Map.app */;
			productType = "com.apple.product-type.application";
		};
		D250CA2F28D31EF100DBFF5D /* Map+PositioningExample */ = {
			isa = PBXNativeTarget;
			buildConfigurationList = D250CA4128D31EF100DBFF5D /* Build configuration list for PBXNativeTarget "Map+PositioningExample" */;
			buildPhases = (
				D250CA3028D31EF100DBFF5D /* Sources */,
				D250CA3B28D31EF100DBFF5D /* Frameworks */,
				D250CA3C28D31EF100DBFF5D /* Resources */,
			);
			buildRules = (
			);
			dependencies = (
			);
			fileSystemSynchronizedGroups = (
				0A8F452024922F90570DFFCD /* Map+Positioning */,
			);
			name = "Map+PositioningExample";
			productName = Examples;
			productReference = D250CA4428D31EF100DBFF5D /* Map+Pos.app */;
			productType = "com.apple.product-type.application";
		};
		D250CA5B28D31EF700DBFF5D /* PositioningExample */ = {
			isa = PBXNativeTarget;
			buildConfigurationList = D250CA6D28D31EF700DBFF5D /* Build configuration list for PBXNativeTarget "PositioningExample" */;
			buildPhases = (
				D250CA5C28D31EF700DBFF5D /* Sources */,
				D250CA6728D31EF700DBFF5D /* Frameworks */,
				D250CA6828D31EF700DBFF5D /* Resources */,
			);
			buildRules = (
			);
			dependencies = (
			);
			fileSystemSynchronizedGroups = (
				61A798FDA345B79D8FA132B7 /* Positioning */,
			);
			name = PositioningExample;
			productName = Examples;
			productReference = D250CA7028D31EF700DBFF5D /* Pos.app */;
			productType = "com.apple.product-type.application";
		};
		D250CA7128D31EFD00DBFF5D /* Positioning+ARExample */ = {
			isa = PBXNativeTarget;
			buildConfigurationList = D250CA8328D31EFD00DBFF5D /* Build configuration list for PBXNativeTarget "Positioning+ARExample" */;
			buildPhases = (
				D250CA7228D31EFD00DBFF5D /* Sources */,
				D250CA7D28D31EFD00DBFF5D /* Frameworks */,
				D250CA7E28D31EFD00DBFF5D /* Resources */,
			);
			buildRules = (
			);
			dependencies = (
			);
			fileSystemSynchronizedGroups = (
				5AA8153DB80E5CF134EE82C3 /* Positioning+AR */,
			);
			name = "Positioning+ARExample";
			productName = Examples;
			productReference = D250CA8628D31EFD00DBFF5D /* Pos+AR.app */;
			productType = "com.apple.product-type.application";
		};
/* End PBXNativeTarget section */

/* Begin PBXProject section */
		D250C9CF28D3176F00DBFF5D /* Project object */ = {
			isa = PBXProject;
			attributes = {
				BuildIndependentTargetsInParallel = 1;
				LastSwiftUpdateCheck = 2660;
				LastUpgradeCheck = 1630;
				ORGANIZATIONNAME = "Wemap SAS";
				TargetAttributes = {
					D250C9D628D3176F00DBFF5D = {
						CreatedOnToolsVersion = 14.0;
					};
				};
			};
			buildConfigurationList = D250C9D228D3176F00DBFF5D /* Build configuration list for PBXProject "Examples" */;
			compatibilityVersion = "Xcode 14.0";
			developmentRegion = en;
			hasScannedForEncodings = 0;
			knownRegions = (
				en,
				Base,
				fr,
				nl,
				de,
				it,
				ru,
				pt,
				es,
			);
			mainGroup = D250C9CE28D3176F00DBFF5D;
			packageReferences = (
				D2FD6F462F71A40D002F11B6 /* XCRemoteSwiftPackageReference "wemap-sdk-ios-distribution" */,
			);
			productRefGroup = D250C9D828D3176F00DBFF5D /* Products */;
			projectDirPath = "";
			projectRoot = "";
			targets = (
				D250C9D628D3176F00DBFF5D /* MapExample */,
				D250CA2F28D31EF100DBFF5D /* Map+PositioningExample */,
				D250CA5B28D31EF700DBFF5D /* PositioningExample */,
				D250CA7128D31EFD00DBFF5D /* Positioning+ARExample */,
			);
		};
/* End PBXProject section */

/* Begin PBXResourcesBuildPhase section */
		D250C9D528D3176F00DBFF5D /* Resources */ = {
			isa = PBXResourcesBuildPhase;
			buildActionMask = 2147483647;
			files = (
				D250CA2B28D31E4D00DBFF5D /* Assets.xcassets in Resources */,
				D250CA2C28D31E4D00DBFF5D /* LaunchScreen.storyboard in Resources */,
			);
			runOnlyForDeploymentPostprocessing = 0;
		};
		D250CA3C28D31EF100DBFF5D /* Resources */ = {
			isa = PBXResourcesBuildPhase;
			buildActionMask = 2147483647;
			files = (
				D250CA3F28D31EF100DBFF5D /* Assets.xcassets in Resources */,
				D250CA4028D31EF100DBFF5D /* LaunchScreen.storyboard in Resources */,
			);
			runOnlyForDeploymentPostprocessing = 0;
		};
		D250CA6828D31EF700DBFF5D /* Resources */ = {
			isa = PBXResourcesBuildPhase;
			buildActionMask = 2147483647;
			files = (
				D250CA6B28D31EF700DBFF5D /* Assets.xcassets in Resources */,
				D22612AA2DCDF0890053B250 /* geoJsonItinerary.json in Resources */,
				D250CA6C28D31EF700DBFF5D /* LaunchScreen.storyboard in Resources */,
			);
			runOnlyForDeploymentPostprocessing = 0;
		};
		D250CA7E28D31EFD00DBFF5D /* Resources */ = {
			isa = PBXResourcesBuildPhase;
			buildActionMask = 2147483647;
			files = (
				D250CA8128D31EFD00DBFF5D /* Assets.xcassets in Resources */,
				D250CA8228D31EFD00DBFF5D /* LaunchScreen.storyboard in Resources */,
			);
			runOnlyForDeploymentPostprocessing = 0;
		};
/* End PBXResourcesBuildPhase section */

/* Begin PBXSourcesBuildPhase section */
		D250C9D328D3176F00DBFF5D /* Sources */ = {
			isa = PBXSourcesBuildPhase;
			buildActionMask = 2147483647;
			files = (
				D21B0EC62E05A2190006044F /* LevelSwitch.swift in Sources */,
				D21B0EC02E05956D0006044F /* VerticalSegmentedControl.swift in Sources */,
				D26AB63F2B30534F00408BF8 /* UIConstants.swift in Sources */,
				D2D90E962B05292900DC7BF9 /* UserDefaults+Additions.swift in Sources */,
				D25992D42C35941B0041F9FE /* GlobalNavigationOptions.swift in Sources */,
				D2F8E1712C46C2220063C9A7 /* GlobalItineraryOptions.swift in Sources */,
				D277D2592E09757800054C3B /* AlertFactory.swift in Sources */,
				D2A55FE1297FE32600402286 /* SettingsBundleHelper.swift in Sources */,
				D2A6254E28F6AEB900274721 /* AppDelegate.swift in Sources */,
				D2FE00052F00000000000005 /* SceneDelegate.swift in Sources */,
				D2A6255428F6C08400274721 /* ToastHelper.swift in Sources */,
				D22EC7482A79017A007BC4DE /* MapViewController.swift in Sources */,
				D208E10729C312C0007CCC8A /* Constants.swift in Sources */,
			);
			runOnlyForDeploymentPostprocessing = 0;
		};
		D250CA3028D31EF100DBFF5D /* Sources */ = {
			isa = PBXSourcesBuildPhase;
			buildActionMask = 2147483647;
			files = (
				D21B0EC82E05A2190006044F /* LevelSwitch.swift in Sources */,
				D21B0EC12E05956D0006044F /* VerticalSegmentedControl.swift in Sources */,
				D277D25A2E09757800054C3B /* AlertFactory.swift in Sources */,
				D2A55FE629801A3700402286 /* SettingsBundleHelper.swift in Sources */,
				D2A6254F28F6AEB900274721 /* AppDelegate.swift in Sources */,
				D2FE00042F00000000000004 /* SceneDelegate.swift in Sources */,
				D26AB6402B30534F00408BF8 /* UIConstants.swift in Sources */,
				D2D90E972B05292900DC7BF9 /* UserDefaults+Additions.swift in Sources */,
				D273E3202AA0DF1D00114854 /* MapViewController.swift in Sources */,
				D273E3212AA0E3B200114854 /* ToastHelper.swift in Sources */,
				D2F8E1722C46C2220063C9A7 /* GlobalItineraryOptions.swift in Sources */,
				D25992D52C35941B0041F9FE /* GlobalNavigationOptions.swift in Sources */,
				D26AB63D2B30532F00408BF8 /* Constants.swift in Sources */,
			);
			runOnlyForDeploymentPostprocessing = 0;
		};
		D250CA5C28D31EF700DBFF5D /* Sources */ = {
			isa = PBXSourcesBuildPhase;
			buildActionMask = 2147483647;
			files = (
				D278A3DB2D663A7D006440A6 /* UserDefaults+Additions.swift in Sources */,
				D2A55FE829801A3900402286 /* SettingsBundleHelper.swift in Sources */,
				D2A6255128F6AEB900274721 /* AppDelegate.swift in Sources */,
				D2FE00072F00000000000007 /* SceneDelegate.swift in Sources */,
				D21BA7242D390C6B00A1C95D /* ToastHelper.swift in Sources */,
				D22612AE2DCE2AFB0053B250 /* ItineraryLoader.swift in Sources */,
				D267EF732D381723004AE5B6 /* Constants.swift in Sources */,
			);
			runOnlyForDeploymentPostprocessing = 0;
		};
		D250CA7228D31EFD00DBFF5D /* Sources */ = {
			isa = PBXSourcesBuildPhase;
			buildActionMask = 2147483647;
			files = (
				D2A55FE929801A3900402286 /* SettingsBundleHelper.swift in Sources */,
				D25992E22C359F020041F9FE /* GeoARViewController.swift in Sources */,
				D2A6255228F6AEB900274721 /* AppDelegate.swift in Sources */,
				D2FE00062F00000000000006 /* SceneDelegate.swift in Sources */,
				D256A37D2A93C6CB00798FB7 /* ToastHelper.swift in Sources */,
				D2315E702C0717E700BAF1CB /* UIConstants.swift in Sources */,
				D2E4BA3E2E9670AE00B9247D /* AlertFactory.swift in Sources */,
				D2315E6F2C0717C600BAF1CB /* Constants.swift in Sources */,
				D25992D22C358F1E0041F9FE /* UserDefaults+Additions.swift in Sources */,
			);
			runOnlyForDeploymentPostprocessing = 0;
		};
/* End PBXSourcesBuildPhase section */

/* Begin PBXVariantGroup section */
		D250CA2628D31E4D00DBFF5D /* LaunchScreen.storyboard */ = {
			isa = PBXVariantGroup;
			children = (
				D250CA2728D31E4D00DBFF5D /* Base */,
				D2A9CBAB2B5586CD00E50D09 /* fr */,
				D2DFCB802D146F7800ACC6AF /* nl */,
				D2DFCB812D146F8800ACC6AF /* de */,
				D2DFCB822D146F9500ACC6AF /* it */,
				D2DFCB832D146FA900ACC6AF /* ru */,
				D2DFCB842D146FBE00ACC6AF /* pt */,
				D2DFCB852D146FCE00ACC6AF /* es */,
			);
			name = LaunchScreen.storyboard;
			sourceTree = "<group>";
		};
/* End PBXVariantGroup section */

/* Begin XCBuildConfiguration section */
		D250C9FF28D3177000DBFF5D /* Debug */ = {
			isa = XCBuildConfiguration;
			buildSettings = {
				ALWAYS_SEARCH_USER_PATHS = NO;
				ASSETCATALOG_COMPILER_GENERATE_SWIFT_ASSET_SYMBOL_EXTENSIONS = YES;
				CLANG_ANALYZER_LOCALIZABILITY_NONLOCALIZED = YES;
				CLANG_ANALYZER_NONNULL = YES;
				CLANG_ANALYZER_NUMBER_OBJECT_CONVERSION = YES_AGGRESSIVE;
				CLANG_CXX_LANGUAGE_STANDARD = "gnu++20";
				CLANG_ENABLE_MODULES = YES;
				CLANG_ENABLE_OBJC_ARC = YES;
				CLANG_ENABLE_OBJC_WEAK = YES;
				CLANG_WARN_BLOCK_CAPTURE_AUTORELEASING = YES;
				CLANG_WARN_BOOL_CONVERSION = YES;
				CLANG_WARN_COMMA = YES;
				CLANG_WARN_CONSTANT_CONVERSION = YES;
				CLANG_WARN_DEPRECATED_OBJC_IMPLEMENTATIONS = YES;
				CLANG_WARN_DIRECT_OBJC_ISA_USAGE = YES_ERROR;
				CLANG_WARN_DOCUMENTATION_COMMENTS = YES;
				CLANG_WARN_EMPTY_BODY = YES;
				CLANG_WARN_ENUM_CONVERSION = YES;
				CLANG_WARN_INFINITE_RECURSION = YES;
				CLANG_WARN_INT_CONVERSION = YES;
				CLANG_WARN_NON_LITERAL_NULL_CONVERSION = YES;
				CLANG_WARN_OBJC_IMPLICIT_RETAIN_SELF = YES;
				CLANG_WARN_OBJC_LITERAL_CONVERSION = YES;
				CLANG_WARN_OBJC_ROOT_CLASS = YES_ERROR;
				CLANG_WARN_QUOTED_INCLUDE_IN_FRAMEWORK_HEADER = YES;
				CLANG_WARN_RANGE_LOOP_ANALYSIS = YES;
				CLANG_WARN_STRICT_PROTOTYPES = YES;
				CLANG_WARN_SUSPICIOUS_MOVE = YES;
				CLANG_WARN_UNGUARDED_AVAILABILITY = YES_AGGRESSIVE;
				CLANG_WARN_UNREACHABLE_CODE = YES;
				CLANG_WARN__DUPLICATE_METHOD_MATCH = YES;
				COPY_PHASE_STRIP = NO;
				CURRENT_PROJECT_VERSION = 544;
				DEBUG_INFORMATION_FORMAT = dwarf;
				ENABLE_STRICT_OBJC_MSGSEND = YES;
				ENABLE_TESTABILITY = YES;
				EXCLUDED_ARCHS = "";
				GCC_C_LANGUAGE_STANDARD = gnu11;
				GCC_DYNAMIC_NO_PIC = NO;
				GCC_NO_COMMON_BLOCKS = YES;
				GCC_OPTIMIZATION_LEVEL = 0;
				GCC_PREPROCESSOR_DEFINITIONS = (
					"DEBUG=1",
					"$(inherited)",
				);
				GCC_WARN_64_TO_32_BIT_CONVERSION = YES;
				GCC_WARN_ABOUT_RETURN_TYPE = YES_ERROR;
				GCC_WARN_UNDECLARED_SELECTOR = YES;
				GCC_WARN_UNINITIALIZED_AUTOS = YES_AGGRESSIVE;
				GCC_WARN_UNUSED_FUNCTION = YES;
				GCC_WARN_UNUSED_VARIABLE = YES;
				IPHONEOS_DEPLOYMENT_TARGET = 15.0;
				MARKETING_VERSION = 1.0.0;
				MTL_ENABLE_DEBUG_INFO = INCLUDE_SOURCE;
				MTL_FAST_MATH = YES;
				ONLY_ACTIVE_ARCH = YES;
				SDKROOT = iphoneos;
				SWIFT_ACTIVE_COMPILATION_CONDITIONS = DEBUG;
				SWIFT_OPTIMIZATION_LEVEL = "-Onone";
				SWIFT_STRICT_CONCURRENCY = complete;
				SWIFT_VERSION = 6.0;
				VERSIONING_SYSTEM = "apple-generic";
			};
			name = Debug;
		};
		D250CA0028D3177000DBFF5D /* Release */ = {
			isa = XCBuildConfiguration;
			buildSettings = {
				ALWAYS_SEARCH_USER_PATHS = NO;
				ASSETCATALOG_COMPILER_GENERATE_SWIFT_ASSET_SYMBOL_EXTENSIONS = YES;
				CLANG_ANALYZER_LOCALIZABILITY_NONLOCALIZED = YES;
				CLANG_ANALYZER_NONNULL = YES;
				CLANG_ANALYZER_NUMBER_OBJECT_CONVERSION = YES_AGGRESSIVE;
				CLANG_CXX_LANGUAGE_STANDARD = "gnu++20";
				CLANG_ENABLE_MODULES = YES;
				CLANG_ENABLE_OBJC_ARC = YES;
				CLANG_ENABLE_OBJC_WEAK = YES;
				CLANG_WARN_BLOCK_CAPTURE_AUTORELEASING = YES;
				CLANG_WARN_BOOL_CONVERSION = YES;
				CLANG_WARN_COMMA = YES;
				CLANG_WARN_CONSTANT_CONVERSION = YES;
				CLANG_WARN_DEPRECATED_OBJC_IMPLEMENTATIONS = YES;
				CLANG_WARN_DIRECT_OBJC_ISA_USAGE = YES_ERROR;
				CLANG_WARN_DOCUMENTATION_COMMENTS = YES;
				CLANG_WARN_EMPTY_BODY = YES;
				CLANG_WARN_ENUM_CONVERSION = YES;
				CLANG_WARN_INFINITE_RECURSION = YES;
				CLANG_WARN_INT_CONVERSION = YES;
				CLANG_WARN_NON_LITERAL_NULL_CONVERSION = YES;
				CLANG_WARN_OBJC_IMPLICIT_RETAIN_SELF = YES;
				CLANG_WARN_OBJC_LITERAL_CONVERSION = YES;
				CLANG_WARN_OBJC_ROOT_CLASS = YES_ERROR;
				CLANG_WARN_QUOTED_INCLUDE_IN_FRAMEWORK_HEADER = YES;
				CLANG_WARN_RANGE_LOOP_ANALYSIS = YES;
				CLANG_WARN_STRICT_PROTOTYPES = YES;
				CLANG_WARN_SUSPICIOUS_MOVE = YES;
				CLANG_WARN_UNGUARDED_AVAILABILITY = YES_AGGRESSIVE;
				CLANG_WARN_UNREACHABLE_CODE = YES;
				CLANG_WARN__DUPLICATE_METHOD_MATCH = YES;
				COPY_PHASE_STRIP = NO;
				CURRENT_PROJECT_VERSION = 544;
				DEBUG_INFORMATION_FORMAT = "dwarf-with-dsym";
				ENABLE_NS_ASSERTIONS = NO;
				ENABLE_STRICT_OBJC_MSGSEND = YES;
				EXCLUDED_ARCHS = "";
				GCC_C_LANGUAGE_STANDARD = gnu11;
				GCC_NO_COMMON_BLOCKS = YES;
				GCC_WARN_64_TO_32_BIT_CONVERSION = YES;
				GCC_WARN_ABOUT_RETURN_TYPE = YES_ERROR;
				GCC_WARN_UNDECLARED_SELECTOR = YES;
				GCC_WARN_UNINITIALIZED_AUTOS = YES_AGGRESSIVE;
				GCC_WARN_UNUSED_FUNCTION = YES;
				GCC_WARN_UNUSED_VARIABLE = YES;
				IPHONEOS_DEPLOYMENT_TARGET = 15.0;
				MARKETING_VERSION = 1.0.0;
				MTL_ENABLE_DEBUG_INFO = NO;
				MTL_FAST_MATH = YES;
				SDKROOT = iphoneos;
				SWIFT_COMPILATION_MODE = wholemodule;
				SWIFT_OPTIMIZATION_LEVEL = "-O";
				SWIFT_STRICT_CONCURRENCY = complete;
				SWIFT_VERSION = 6.0;
				VALIDATE_PRODUCT = YES;
				VERSIONING_SYSTEM = "apple-generic";
			};
			name = Release;
		};
		D250CA0228D3177000DBFF5D /* Debug */ = {
			isa = XCBuildConfiguration;
			buildSettings = {
				APP_DISPLAY_NAME = "[D] $(PRODUCT_NAME)";
				ASSETCATALOG_COMPILER_APPICON_NAME = AppIcon;
				ASSETCATALOG_COMPILER_GLOBAL_ACCENT_COLOR_NAME = AccentColor;
				CODE_SIGN_STYLE = Automatic;
				DEVELOPMENT_TEAM = 64DXV5M5R8;
				GENERATE_INFOPLIST_FILE = YES;
				INFOPLIST_FILE = Examples/Resources/Info.plist;
				INFOPLIST_KEY_CFBundleDisplayName = "$(APP_DISPLAY_NAME)";
				INFOPLIST_KEY_NSLocationWhenInUseUsageDescription = "Used to track user location";
				INFOPLIST_KEY_UIApplicationSupportsIndirectInputEvents = YES;
				INFOPLIST_KEY_UILaunchStoryboardName = LaunchScreen;
				INFOPLIST_KEY_UISupportedInterfaceOrientations_iPad = "UIInterfaceOrientationPortrait UIInterfaceOrientationPortraitUpsideDown UIInterfaceOrientationLandscapeLeft UIInterfaceOrientationLandscapeRight";
				INFOPLIST_KEY_UISupportedInterfaceOrientations_iPhone = "UIInterfaceOrientationPortrait UIInterfaceOrientationLandscapeLeft UIInterfaceOrientationLandscapeRight";
				LD_RUNPATH_SEARCH_PATHS = (
					"$(inherited)",
					"@executable_path/Frameworks",
				);
				PRODUCT_BUNDLE_IDENTIFIER = com.getwemap.example.map.debug;
				PRODUCT_NAME = Map;
				SWIFT_EMIT_LOC_STRINGS = YES;
				TARGETED_DEVICE_FAMILY = "1,2";
			};
			name = Debug;
		};
		D250CA0328D3177000DBFF5D /* Release */ = {
			isa = XCBuildConfiguration;
			buildSettings = {
				APP_DISPLAY_NAME = "$(PRODUCT_NAME)";
				ASSETCATALOG_COMPILER_APPICON_NAME = AppIcon;
				ASSETCATALOG_COMPILER_GLOBAL_ACCENT_COLOR_NAME = AccentColor;
				CODE_SIGN_IDENTITY = "Apple Distribution";
				CODE_SIGN_STYLE = Manual;
				DEVELOPMENT_TEAM = 64DXV5M5R8;
				GENERATE_INFOPLIST_FILE = YES;
				INFOPLIST_FILE = Examples/Resources/Info.plist;
				INFOPLIST_KEY_CFBundleDisplayName = "$(APP_DISPLAY_NAME)";
				INFOPLIST_KEY_NSLocationWhenInUseUsageDescription = "Used to track user location";
				INFOPLIST_KEY_UIApplicationSupportsIndirectInputEvents = YES;
				INFOPLIST_KEY_UILaunchStoryboardName = LaunchScreen;
				INFOPLIST_KEY_UISupportedInterfaceOrientations_iPad = "UIInterfaceOrientationPortrait UIInterfaceOrientationPortraitUpsideDown UIInterfaceOrientationLandscapeLeft UIInterfaceOrientationLandscapeRight";
				INFOPLIST_KEY_UISupportedInterfaceOrientations_iPhone = "UIInterfaceOrientationPortrait UIInterfaceOrientationLandscapeLeft UIInterfaceOrientationLandscapeRight";
				LD_RUNPATH_SEARCH_PATHS = (
					"$(inherited)",
					"@executable_path/Frameworks",
				);
				PRODUCT_BUNDLE_IDENTIFIER = com.getwemap.example.map;
				PRODUCT_NAME = Map;
				PROVISIONING_PROFILE_SPECIFIER = "match AdHoc com.getwemap.example.map";
				SWIFT_EMIT_LOC_STRINGS = YES;
				TARGETED_DEVICE_FAMILY = "1,2";
			};
			name = Release;
		};
		D250CA4228D31EF100DBFF5D /* Debug */ = {
			isa = XCBuildConfiguration;
			buildSettings = {
				APP_DISPLAY_NAME = "[D] $(PRODUCT_NAME)";
				ASSETCATALOG_COMPILER_APPICON_NAME = AppIcon;
				ASSETCATALOG_COMPILER_GLOBAL_ACCENT_COLOR_NAME = AccentColor;
				CODE_SIGN_STYLE = Automatic;
				DEVELOPMENT_TEAM = 64DXV5M5R8;
				GENERATE_INFOPLIST_FILE = YES;
				INFOPLIST_FILE = Examples/Resources/Info.plist;
				INFOPLIST_KEY_CFBundleDisplayName = "$(APP_DISPLAY_NAME)";
				INFOPLIST_KEY_NSCameraUsageDescription = "We use the camera to understand your surroundings and provide accurate indoor navigation";
				INFOPLIST_KEY_NSLocationWhenInUseUsageDescription = "Used to track user location";
				INFOPLIST_KEY_UIApplicationSupportsIndirectInputEvents = YES;
				INFOPLIST_KEY_UILaunchStoryboardName = LaunchScreen;
				INFOPLIST_KEY_UISupportedInterfaceOrientations = "UIInterfaceOrientationLandscapeLeft UIInterfaceOrientationLandscapeRight UIInterfaceOrientationPortrait UIInterfaceOrientationPortraitUpsideDown";
				LD_RUNPATH_SEARCH_PATHS = (
					"$(inherited)",
					"@executable_path/Frameworks",
				);
				PRODUCT_BUNDLE_IDENTIFIER = com.getwemap.example.map.positioning.debug;
				PRODUCT_NAME = "Map+Pos";
				SWIFT_ACTIVE_COMPILATION_CONDITIONS = "DEBUG VPSARKIT $(inherited)";
				SWIFT_EMIT_LOC_STRINGS = YES;
				TARGETED_DEVICE_FAMILY = "1,2";
			};
			name = Debug;
		};
		D250CA4328D31EF100DBFF5D /* Release */ = {
			isa = XCBuildConfiguration;
			buildSettings = {
				APP_DISPLAY_NAME = "$(PRODUCT_NAME)";
				ASSETCATALOG_COMPILER_APPICON_NAME = AppIcon;
				ASSETCATALOG_COMPILER_GLOBAL_ACCENT_COLOR_NAME = AccentColor;
				CODE_SIGN_IDENTITY = "Apple Distribution";
				CODE_SIGN_STYLE = Manual;
				DEVELOPMENT_TEAM = 64DXV5M5R8;
				GENERATE_INFOPLIST_FILE = YES;
				INFOPLIST_FILE = Examples/Resources/Info.plist;
				INFOPLIST_KEY_CFBundleDisplayName = "$(APP_DISPLAY_NAME)";
				INFOPLIST_KEY_NSCameraUsageDescription = "We use the camera to understand your surroundings and provide accurate indoor navigation";
				INFOPLIST_KEY_NSLocationWhenInUseUsageDescription = "Used to track user location";
				INFOPLIST_KEY_UIApplicationSupportsIndirectInputEvents = YES;
				INFOPLIST_KEY_UILaunchStoryboardName = LaunchScreen;
				INFOPLIST_KEY_UISupportedInterfaceOrientations = "UIInterfaceOrientationLandscapeLeft UIInterfaceOrientationLandscapeRight UIInterfaceOrientationPortrait UIInterfaceOrientationPortraitUpsideDown";
				LD_RUNPATH_SEARCH_PATHS = (
					"$(inherited)",
					"@executable_path/Frameworks",
				);
				PRODUCT_BUNDLE_IDENTIFIER = com.getwemap.example.map.positioning;
				PRODUCT_NAME = "Map+Pos";
				PROVISIONING_PROFILE_SPECIFIER = "match AdHoc com.getwemap.example.map.positioning";
				SWIFT_ACTIVE_COMPILATION_CONDITIONS = "VPSARKIT $(inherited)";
				SWIFT_EMIT_LOC_STRINGS = YES;
				TARGETED_DEVICE_FAMILY = "1,2";
			};
			name = Release;
		};
		D250CA6E28D31EF700DBFF5D /* Debug */ = {
			isa = XCBuildConfiguration;
			buildSettings = {
				APP_DISPLAY_NAME = "[D] $(PRODUCT_NAME)";
				ASSETCATALOG_COMPILER_APPICON_NAME = AppIcon;
				ASSETCATALOG_COMPILER_GLOBAL_ACCENT_COLOR_NAME = AccentColor;
				CODE_SIGN_STYLE = Automatic;
				DEVELOPMENT_TEAM = 64DXV5M5R8;
				GENERATE_INFOPLIST_FILE = YES;
				INFOPLIST_FILE = Examples/Resources/Info.plist;
				INFOPLIST_KEY_CFBundleDisplayName = "$(APP_DISPLAY_NAME)";
				INFOPLIST_KEY_NSCameraUsageDescription = "Used for Augmented Reality";
				INFOPLIST_KEY_NSLocationWhenInUseUsageDescription = "Used for PositioningSDK";
				INFOPLIST_KEY_UIApplicationSupportsIndirectInputEvents = YES;
				INFOPLIST_KEY_UILaunchStoryboardName = LaunchScreen;
				INFOPLIST_KEY_UISupportedInterfaceOrientations_iPad = "UIInterfaceOrientationPortrait UIInterfaceOrientationPortraitUpsideDown UIInterfaceOrientationLandscapeLeft UIInterfaceOrientationLandscapeRight";
				INFOPLIST_KEY_UISupportedInterfaceOrientations_iPhone = "UIInterfaceOrientationPortrait UIInterfaceOrientationLandscapeLeft UIInterfaceOrientationLandscapeRight";
				LD_RUNPATH_SEARCH_PATHS = (
					"$(inherited)",
					"@executable_path/Frameworks",
				);
				PRODUCT_BUNDLE_IDENTIFIER = com.getwemap.example.positioning.debug;
				PRODUCT_NAME = Pos;
				SWIFT_ACTIVE_COMPILATION_CONDITIONS = "DEBUG VPSARKIT $(inherited)";
				SWIFT_EMIT_LOC_STRINGS = YES;
				TARGETED_DEVICE_FAMILY = "1,2";
			};
			name = Debug;
		};
		D250CA6F28D31EF700DBFF5D /* Release */ = {
			isa = XCBuildConfiguration;
			buildSettings = {
				APP_DISPLAY_NAME = "$(PRODUCT_NAME)";
				ASSETCATALOG_COMPILER_APPICON_NAME = AppIcon;
				ASSETCATALOG_COMPILER_GLOBAL_ACCENT_COLOR_NAME = AccentColor;
				CODE_SIGN_IDENTITY = "Apple Distribution";
				CODE_SIGN_STYLE = Manual;
				DEVELOPMENT_TEAM = 64DXV5M5R8;
				GENERATE_INFOPLIST_FILE = YES;
				INFOPLIST_FILE = Examples/Resources/Info.plist;
				INFOPLIST_KEY_CFBundleDisplayName = "$(APP_DISPLAY_NAME)";
				INFOPLIST_KEY_NSCameraUsageDescription = "Used for Augmented Reality";
				INFOPLIST_KEY_NSLocationWhenInUseUsageDescription = "Used for PositioningSDK";
				INFOPLIST_KEY_UIApplicationSupportsIndirectInputEvents = YES;
				INFOPLIST_KEY_UILaunchStoryboardName = LaunchScreen;
				INFOPLIST_KEY_UISupportedInterfaceOrientations_iPad = "UIInterfaceOrientationPortrait UIInterfaceOrientationPortraitUpsideDown UIInterfaceOrientationLandscapeLeft UIInterfaceOrientationLandscapeRight";
				INFOPLIST_KEY_UISupportedInterfaceOrientations_iPhone = "UIInterfaceOrientationPortrait UIInterfaceOrientationLandscapeLeft UIInterfaceOrientationLandscapeRight";
				LD_RUNPATH_SEARCH_PATHS = (
					"$(inherited)",
					"@executable_path/Frameworks",
				);
				PRODUCT_BUNDLE_IDENTIFIER = com.getwemap.example.positioning;
				PRODUCT_NAME = Pos;
				PROVISIONING_PROFILE_SPECIFIER = "match AdHoc com.getwemap.example.positioning";
				SWIFT_ACTIVE_COMPILATION_CONDITIONS = "VPSARKIT $(inherited)";
				SWIFT_EMIT_LOC_STRINGS = YES;
				TARGETED_DEVICE_FAMILY = "1,2";
			};
			name = Release;
		};
		D250CA8428D31EFD00DBFF5D /* Debug */ = {
			isa = XCBuildConfiguration;
			buildSettings = {
				APP_DISPLAY_NAME = "[D] $(PRODUCT_NAME)";
				ASSETCATALOG_COMPILER_APPICON_NAME = AppIcon;
				ASSETCATALOG_COMPILER_GLOBAL_ACCENT_COLOR_NAME = AccentColor;
				CODE_SIGN_STYLE = Automatic;
				DEVELOPMENT_TEAM = 64DXV5M5R8;
				GENERATE_INFOPLIST_FILE = YES;
				INFOPLIST_FILE = Examples/Resources/Info.plist;
				INFOPLIST_KEY_CFBundleDisplayName = "$(APP_DISPLAY_NAME)";
				INFOPLIST_KEY_NSCameraUsageDescription = "Used for Augmented Reality";
				INFOPLIST_KEY_NSLocationWhenInUseUsageDescription = "Used to track user location";
				INFOPLIST_KEY_UIApplicationSupportsIndirectInputEvents = YES;
				INFOPLIST_KEY_UILaunchStoryboardName = LaunchScreen;
				INFOPLIST_KEY_UISupportedInterfaceOrientations = "UIInterfaceOrientationLandscapeLeft UIInterfaceOrientationLandscapeRight UIInterfaceOrientationPortrait UIInterfaceOrientationPortraitUpsideDown";
				LD_RUNPATH_SEARCH_PATHS = (
					"$(inherited)",
					"@executable_path/Frameworks",
				);
				PRODUCT_BUNDLE_IDENTIFIER = com.getwemap.example.positioning.ar.debug;
				PRODUCT_NAME = "Pos+AR";
				SWIFT_ACTIVE_COMPILATION_CONDITIONS = "DEBUG VPSARKIT GPS $(inherited)";
				SWIFT_EMIT_LOC_STRINGS = YES;
				TARGETED_DEVICE_FAMILY = "1,2";
			};
			name = Debug;
		};
		D250CA8528D31EFD00DBFF5D /* Release */ = {
			isa = XCBuildConfiguration;
			buildSettings = {
				APP_DISPLAY_NAME = "$(PRODUCT_NAME)";
				ASSETCATALOG_COMPILER_APPICON_NAME = AppIcon;
				ASSETCATALOG_COMPILER_GLOBAL_ACCENT_COLOR_NAME = AccentColor;
				CODE_SIGN_IDENTITY = "Apple Distribution";
				CODE_SIGN_STYLE = Manual;
				DEVELOPMENT_TEAM = 64DXV5M5R8;
				GENERATE_INFOPLIST_FILE = YES;
				INFOPLIST_FILE = Examples/Resources/Info.plist;
				INFOPLIST_KEY_CFBundleDisplayName = "$(APP_DISPLAY_NAME)";
				INFOPLIST_KEY_NSCameraUsageDescription = "Used for Augmented Reality";
				INFOPLIST_KEY_NSLocationWhenInUseUsageDescription = "Used to track user location";
				INFOPLIST_KEY_UIApplicationSupportsIndirectInputEvents = YES;
				INFOPLIST_KEY_UILaunchStoryboardName = LaunchScreen;
				INFOPLIST_KEY_UISupportedInterfaceOrientations = "UIInterfaceOrientationLandscapeLeft UIInterfaceOrientationLandscapeRight UIInterfaceOrientationPortrait UIInterfaceOrientationPortraitUpsideDown";
				LD_RUNPATH_SEARCH_PATHS = (
					"$(inherited)",
					"@executable_path/Frameworks",
				);
				PRODUCT_BUNDLE_IDENTIFIER = com.getwemap.example.positioning.ar;
				PRODUCT_NAME = "Pos+AR";
				PROVISIONING_PROFILE_SPECIFIER = "match AdHoc com.getwemap.example.positioning.ar";
				SWIFT_ACTIVE_COMPILATION_CONDITIONS = "VPSARKIT GPS $(inherited)";
				SWIFT_EMIT_LOC_STRINGS = YES;
				TARGETED_DEVICE_FAMILY = "1,2";
			};
			name = Release;
		};
/* End XCBuildConfiguration section */

/* Begin XCConfigurationList section */
		D250C9D228D3176F00DBFF5D /* Build configuration list for PBXProject "Examples" */ = {
			isa = XCConfigurationList;
			buildConfigurations = (
				D250C9FF28D3177000DBFF5D /* Debug */,
				D250CA0028D3177000DBFF5D /* Release */,
			);
			defaultConfigurationIsVisible = 0;
			defaultConfigurationName = Release;
		};
		D250CA0128D3177000DBFF5D /* Build configuration list for PBXNativeTarget "MapExample" */ = {
			isa = XCConfigurationList;
			buildConfigurations = (
				D250CA0228D3177000DBFF5D /* Debug */,
				D250CA0328D3177000DBFF5D /* Release */,
			);
			defaultConfigurationIsVisible = 0;
			defaultConfigurationName = Release;
		};
		D250CA4128D31EF100DBFF5D /* Build configuration list for PBXNativeTarget "Map+PositioningExample" */ = {
			isa = XCConfigurationList;
			buildConfigurations = (
				D250CA4228D31EF100DBFF5D /* Debug */,
				D250CA4328D31EF100DBFF5D /* Release */,
			);
			defaultConfigurationIsVisible = 0;
			defaultConfigurationName = Release;
		};
		D250CA6D28D31EF700DBFF5D /* Build configuration list for PBXNativeTarget "PositioningExample" */ = {
			isa = XCConfigurationList;
			buildConfigurations = (
				D250CA6E28D31EF700DBFF5D /* Debug */,
				D250CA6F28D31EF700DBFF5D /* Release */,
			);
			defaultConfigurationIsVisible = 0;
			defaultConfigurationName = Release;
		};
		D250CA8328D31EFD00DBFF5D /* Build configuration list for PBXNativeTarget "Positioning+ARExample" */ = {
			isa = XCConfigurationList;
			buildConfigurations = (
				D250CA8428D31EFD00DBFF5D /* Debug */,
				D250CA8528D31EFD00DBFF5D /* Release */,
			);
			defaultConfigurationIsVisible = 0;
			defaultConfigurationName = Release;
		};
/* End XCConfigurationList section */

/* Begin XCRemoteSwiftPackageReference section */
		D2FD6F462F71A40D002F11B6 /* XCRemoteSwiftPackageReference "wemap-sdk-ios-distribution" */ = {
			isa = XCRemoteSwiftPackageReference;
			repositoryURL = "https://github.com/wemap/wemap-sdk-ios-distribution";
			requirement = {
				kind = exactVersion;
				version = 1.0.0-beta.1;
			};
		};
/* End XCRemoteSwiftPackageReference section */

/* Begin XCSwiftPackageProductDependency section */
		D2A8B2B42F5B372C0034D9E1 /* WemapGeoARSDK */ = {
			isa = XCSwiftPackageProductDependency;
			package = D2FD6F462F71A40D002F11B6 /* XCRemoteSwiftPackageReference "wemap-sdk-ios-distribution" */;
			productName = WemapGeoARSDK;
		};
		D2A8B2B62F5B372C0034D9E1 /* WemapMapSDK */ = {
			isa = XCSwiftPackageProductDependency;
			package = D2FD6F462F71A40D002F11B6 /* XCRemoteSwiftPackageReference "wemap-sdk-ios-distribution" */;
			productName = WemapMapSDK;
		};
		D2A8B2B82F5B372C0034D9E1 /* WemapPositioningSDKGPS */ = {
			isa = XCSwiftPackageProductDependency;
			package = D2FD6F462F71A40D002F11B6 /* XCRemoteSwiftPackageReference "wemap-sdk-ios-distribution" */;
			productName = WemapPositioningSDKGPS;
		};
		D2A8B2BA2F5B372C0034D9E1 /* WemapPositioningSDKVPSARKit */ = {
			isa = XCSwiftPackageProductDependency;
			package = D2FD6F462F71A40D002F11B6 /* XCRemoteSwiftPackageReference "wemap-sdk-ios-distribution" */;
			productName = WemapPositioningSDKVPSARKit;
		};
		D2A8B2BE2F5B37580034D9E1 /* WemapMapSDK */ = {
			isa = XCSwiftPackageProductDependency;
			package = D2FD6F462F71A40D002F11B6 /* XCRemoteSwiftPackageReference "wemap-sdk-ios-distribution" */;
			productName = WemapMapSDK;
		};
		D2A8B2C62F5B377D0034D9E1 /* WemapPositioningSDKVPSARKit */ = {
			isa = XCSwiftPackageProductDependency;
			package = D2FD6F462F71A40D002F11B6 /* XCRemoteSwiftPackageReference "wemap-sdk-ios-distribution" */;
			productName = WemapPositioningSDKVPSARKit;
		};
		D2A8B2C82F5B37850034D9E1 /* WemapPositioningSDKVPSARKit */ = {
			isa = XCSwiftPackageProductDependency;
			package = D2FD6F462F71A40D002F11B6 /* XCRemoteSwiftPackageReference "wemap-sdk-ios-distribution" */;
			productName = WemapPositioningSDKVPSARKit;
		};
		D2A8B2D02F5B380000DBFF5D /* WemapPositioningSDKGPS */ = {
			isa = XCSwiftPackageProductDependency;
			package = D2FD6F462F71A40D002F11B6 /* XCRemoteSwiftPackageReference "wemap-sdk-ios-distribution" */;
			productName = WemapPositioningSDKGPS;
		};
/* End XCSwiftPackageProductDependency section */
	};
	rootObject = D250C9CF28D3176F00DBFF5D /* Project object */;
}
