{
  "originHash" : "a1bb043d4b5076bffe04f4f2a22419142c1b63dfb177a0fbf18cec91017c21a0",
  "pins" : [
    {
      "identity" : "maplibre-gl-native-distribution",
      "kind" : "remoteSourceControl",
      "location" : "https://github.com/maplibre/maplibre-gl-native-distribution.git",
      "state" : {
        "revision" : "be0696007ca8b350faa0e5968c0d6397d59db415",
        "version" : "6.26.0"
      }
    },
    {
      "identity" : "turf-swift",
      "kind" : "remoteSourceControl",
      "location" : "https://github.com/mapbox/turf-swift.git",
      "state" : {
        "revision" : "bf840e6b9529d105687840fe2c9dcd74197d46d1",
        "version" : "4.0.0"
      }
    },
    {
      "identity" : "wemap-sdk-ios-distribution",
      "kind" : "remoteSourceControl",
      "location" : "https://github.com/wemap/wemap-sdk-ios-distribution",
      "state" : {
        "revision" : "cf93deebcce8eacb4f355cb0d9a1eedd642b88ea",
        "version" : "0.29.1"
      }
    }
  ],
  "version" : 3
}
