{
  "originHash" : "a1bb043d4b5076bffe04f4f2a22419142c1b63dfb177a0fbf18cec91017c21a0",
  "pins" : [
    {
      "identity" : "maplibre-gl-native-distribution",
      "kind" : "remoteSourceControl",
      "location" : "https://github.com/maplibre/maplibre-gl-native-distribution.git",
      "state" : {
        "revision" : "e0ee2c11a2859e22d3f0dd29705c18169bdafa7b",
        "version" : "6.25.0"
      }
    },
    {
      "identity" : "turf-swift",
      "kind" : "remoteSourceControl",
      "location" : "https://github.com/mapbox/turf-swift.git",
      "state" : {
        "revision" : "bf840e6b9529d105687840fe2c9dcd74197d46d1",
        "version" : "4.0.0"
      }
    },
    {
      "identity" : "wemap-sdk-ios-distribution",
      "kind" : "remoteSourceControl",
      "location" : "https://github.com/wemap/wemap-sdk-ios-distribution",
      "state" : {
        "revision" : "e62e15a389b5704400a1ad4cee5060ddcd27ffcd",
        "version" : "0.28.2"
      }
    }
  ],
  "version" : 3
}
